// !$*UTF8*$!
{
	archiveVersion = 1;
	classes = {
	};
	objectVersion = 56;
	objects = {

/* Begin PBXBuildFile section */
		E90B5E4F2CA3A22000CA24F7 /* DetailVC.swift in Sources */ = {isa = PBXBuildFile; fileRef = E90B5E4E2CA3A22000CA24F7 /* DetailVC.swift */; };
		E90B5E552CA509AB00CA24F7 /* TagFilterView.swift in Sources */ = {isa = PBXBuildFile; fileRef = E90B5E542CA509AB00CA24F7 /* TagFilterView.swift */; };
		E91218C12CB0ED6A000521ED /* CustomTabBarController.swift in Sources */ = {isa = PBXBuildFile; fileRef = E91218C02CB0ED6A000521ED /* CustomTabBarController.swift */; };
		E91218C32CB294FE000521ED /* ReportIssueVC.swift in Sources */ = {isa = PBXBuildFile; fileRef = E91218C22CB294FE000521ED /* ReportIssueVC.swift */; };
		E91218CB2CB2DD08000521ED /* WidgetKit.framework in Frameworks */ = {isa = PBXBuildFile; fileRef = E91218CA2CB2DD07000521ED /* WidgetKit.framework */; };
		E91218CD2CB2DD08000521ED /* SwiftUI.framework in Frameworks */ = {isa = PBXBuildFile; fileRef = E91218CC2CB2DD08000521ED /* SwiftUI.framework */; };
		E91218D02CB2DD08000521ED /* MorningWidgetBundle.swift in Sources */ = {isa = PBXBuildFile; fileRef = E91218CF2CB2DD08000521ED /* MorningWidgetBundle.swift */; };
		E91218D22CB2DD08000521ED /* MorningWidgetLiveActivity.swift in Sources */ = {isa = PBXBuildFile; fileRef = E91218D12CB2DD08000521ED /* MorningWidgetLiveActivity.swift */; };
		E91218D42CB2DD08000521ED /* MorningWidget.swift in Sources */ = {isa = PBXBuildFile; fileRef = E91218D32CB2DD08000521ED /* MorningWidget.swift */; };
		E91218D62CB2DD0A000521ED /* Assets.xcassets in Resources */ = {isa = PBXBuildFile; fileRef = E91218D52CB2DD0A000521ED /* Assets.xcassets */; };
		E91218DA2CB2DD0A000521ED /* MorningWidgetExtension.appex in Embed Foundation Extensions */ = {isa = PBXBuildFile; fileRef = E91218C82CB2DD07000521ED /* MorningWidgetExtension.appex */; settings = {ATTRIBUTES = (RemoveHeadersOnCopy, ); }; };
		E91218E12CB4CCB4000521ED /* KeyboardHandler.swift in Sources */ = {isa = PBXBuildFile; fileRef = E91218E02CB4CCB4000521ED /* KeyboardHandler.swift */; };
		E91218E32CB51341000521ED /* privacy_policy.html in Resources */ = {isa = PBXBuildFile; fileRef = E91218E22CB51341000521ED /* privacy_policy.html */; };
		E91218E52CB51465000521ED /* PrivacyPolicyVC.swift in Sources */ = {isa = PBXBuildFile; fileRef = E91218E42CB51465000521ED /* PrivacyPolicyVC.swift */; };
		E912190A2CB6BA45000521ED /* AlertKitManager.swift in Sources */ = {isa = PBXBuildFile; fileRef = E91219092CB6BA45000521ED /* AlertKitManager.swift */; };
		E912190C2CB78DF4000521ED /* BlockManager.swift in Sources */ = {isa = PBXBuildFile; fileRef = E912190B2CB78DF3000521ED /* BlockManager.swift */; };
		E912190E2CB79134000521ED /* ReportCommentManager.swift in Sources */ = {isa = PBXBuildFile; fileRef = E912190D2CB79133000521ED /* ReportCommentManager.swift */; };
		E91219102CB79617000521ED /* ReportPostManager.swift in Sources */ = {isa = PBXBuildFile; fileRef = E912190F2CB79617000521ED /* ReportPostManager.swift */; };
		E91219122CB81CBC000521ED /* PlaceholderView.swift in Sources */ = {isa = PBXBuildFile; fileRef = E91219112CB81CBC000521ED /* PlaceholderView.swift */; };
		E9240ACF2C9D209F00A47944 /* AlbumCell.swift in Sources */ = {isa = PBXBuildFile; fileRef = E9240ACE2C9D209F00A47944 /* AlbumCell.swift */; };
		E9240AD12C9D216A00A47944 /* MyPostVC.swift in Sources */ = {isa = PBXBuildFile; fileRef = E9240AD02C9D216A00A47944 /* MyPostVC.swift */; };
		E9240AD32C9D442F00A47944 /* RecordView.swift in Sources */ = {isa = PBXBuildFile; fileRef = E9240AD22C9D442F00A47944 /* RecordView.swift */; };
		E9521C252CAD43C000BFCAEF /* Haptic.swift in Sources */ = {isa = PBXBuildFile; fileRef = E9521C242CAD43C000BFCAEF /* Haptic.swift */; };
		E9521C292CAE43D200BFCAEF /* BlockedListVC.swift in Sources */ = {isa = PBXBuildFile; fileRef = E9521C282CAE43D200BFCAEF /* BlockedListVC.swift */; };
		E9521C2B2CAE486700BFCAEF /* BlockedListCell.swift in Sources */ = {isa = PBXBuildFile; fileRef = E9521C2A2CAE486700BFCAEF /* BlockedListCell.swift */; };
		E9521C2D2CAE507000BFCAEF /* ToastView.swift in Sources */ = {isa = PBXBuildFile; fileRef = E9521C2C2CAE507000BFCAEF /* ToastView.swift */; };
		E9521C2F2CAE91C000BFCAEF /* ResponseCopyCell.swift in Sources */ = {isa = PBXBuildFile; fileRef = E9521C2E2CAE91C000BFCAEF /* ResponseCopyCell.swift */; };
		E9521C322CAFB28300BFCAEF /* Lottie in Frameworks */ = {isa = PBXBuildFile; productRef = E9521C312CAFB28300BFCAEF /* Lottie */; };
		E9521C342CAFC28300BFCAEF /* WelcomeVC.swift in Sources */ = {isa = PBXBuildFile; fileRef = E9521C332CAFC28300BFCAEF /* WelcomeVC.swift */; };
		E97654962CABC4A7003884AF /* AlertKit in Frameworks */ = {isa = PBXBuildFile; productRef = E97654952CABC4A7003884AF /* AlertKit */; };
		E976549A2CACE9AC003884AF /* UserInfoCell.swift in Sources */ = {isa = PBXBuildFile; fileRef = E97654992CACE9AC003884AF /* UserInfoCell.swift */; };
		E976549C2CAD0A5F003884AF /* Animation.swift in Sources */ = {isa = PBXBuildFile; fileRef = E976549B2CAD0A5F003884AF /* Animation.swift */; };
		E97C15E12C9166B5002B437C /* AppDelegate.swift in Sources */ = {isa = PBXBuildFile; fileRef = E97C15E02C9166B5002B437C /* AppDelegate.swift */; };
		E97C15E32C9166B5002B437C /* SceneDelegate.swift in Sources */ = {isa = PBXBuildFile; fileRef = E97C15E22C9166B5002B437C /* SceneDelegate.swift */; };
		E97C15E52C9166B5002B437C /* HomeVC.swift in Sources */ = {isa = PBXBuildFile; fileRef = E97C15E42C9166B5002B437C /* HomeVC.swift */; };
		E97C15E82C9166B5002B437C /* Base in Resources */ = {isa = PBXBuildFile; fileRef = E97C15E72C9166B5002B437C /* Base */; };
		E97C15EA2C9166B7002B437C /* Assets.xcassets in Resources */ = {isa = PBXBuildFile; fileRef = E97C15E92C9166B7002B437C /* Assets.xcassets */; };
		E97C15ED2C9166B7002B437C /* Base in Resources */ = {isa = PBXBuildFile; fileRef = E97C15EC2C9166B7002B437C /* Base */; };
		E97C15F52C91810A002B437C /* HomeView.swift in Sources */ = {isa = PBXBuildFile; fileRef = E97C15F42C91810A002B437C /* HomeView.swift */; };
		E97C15F72C91812F002B437C /* APIService.swift in Sources */ = {isa = PBXBuildFile; fileRef = E97C15F62C91812F002B437C /* APIService.swift */; };
		E97C15F92C918944002B437C /* GoogleService-Info.plist in Resources */ = {isa = PBXBuildFile; fileRef = E97C15F82C918944002B437C /* GoogleService-Info.plist */; };
		E97C15FC2C9189FF002B437C /* FirebaseAuth in Frameworks */ = {isa = PBXBuildFile; productRef = E97C15FB2C9189FF002B437C /* FirebaseAuth */; };
		E97C15FE2C9189FF002B437C /* FirebaseDatabase in Frameworks */ = {isa = PBXBuildFile; productRef = E97C15FD2C9189FF002B437C /* FirebaseDatabase */; };
		E97C16002C9189FF002B437C /* FirebaseFirestore in Frameworks */ = {isa = PBXBuildFile; productRef = E97C15FF2C9189FF002B437C /* FirebaseFirestore */; };
		E97C16022C9189FF002B437C /* FirebaseStorage in Frameworks */ = {isa = PBXBuildFile; productRef = E97C16012C9189FF002B437C /* FirebaseStorage */; };
		E97C16042C919FFF002B437C /* ChatVC.swift in Sources */ = {isa = PBXBuildFile; fileRef = E97C16032C919FFF002B437C /* ChatVC.swift */; };
		E97C16062C91A0DF002B437C /* ChatCell.swift in Sources */ = {isa = PBXBuildFile; fileRef = E97C16052C91A0DF002B437C /* ChatCell.swift */; };
		E97C16082C92BC88002B437C /* APIKeys.swift in Sources */ = {isa = PBXBuildFile; fileRef = E97C16072C92BC88002B437C /* APIKeys.swift */; };
		E97C16152C95536B002B437C /* TextRecognition.swift in Sources */ = {isa = PBXBuildFile; fileRef = E97C16142C95536B002B437C /* TextRecognition.swift */; };
		E97C16172C955CBB002B437C /* FirestoreService.swift in Sources */ = {isa = PBXBuildFile; fileRef = E97C16162C955CBB002B437C /* FirestoreService.swift */; };
		E99142272C9EEDCE00016C90 /* ImageCollectionView.swift in Sources */ = {isa = PBXBuildFile; fileRef = E99142262C9EEDCE00016C90 /* ImageCollectionView.swift */; };
		E991422B2C9F24C300016C90 /* PostVC.swift in Sources */ = {isa = PBXBuildFile; fileRef = E991422A2C9F24C300016C90 /* PostVC.swift */; };
		E99142302C9FF8F200016C90 /* Kingfisher in Frameworks */ = {isa = PBXBuildFile; productRef = E991422F2C9FF8F200016C90 /* Kingfisher */; };
		E99142322C9FFABA00016C90 /* AlbumFullScreenVC.swift in Sources */ = {isa = PBXBuildFile; fileRef = E99142312C9FFABA00016C90 /* AlbumFullScreenVC.swift */; };
		E99142342CA0042200016C90 /* ImageCell.swift in Sources */ = {isa = PBXBuildFile; fileRef = E99142332CA0042200016C90 /* ImageCell.swift */; };
		E99142582CA2D03500016C90 /* DateFormatterExtension.swift in Sources */ = {isa = PBXBuildFile; fileRef = E99142572CA2D03500016C90 /* DateFormatterExtension.swift */; };
		E9C668B42CA5407400C0EE1D /* SettingVC.swift in Sources */ = {isa = PBXBuildFile; fileRef = E9C668B32CA5407400C0EE1D /* SettingVC.swift */; };
		E9C668BD2CA5A06300C0EE1D /* LoginVC.swift in Sources */ = {isa = PBXBuildFile; fileRef = E9C668BC2CA5A06300C0EE1D /* LoginVC.swift */; };
		E9F6B67E2C95800F008E9FBF /* ChatView.swift in Sources */ = {isa = PBXBuildFile; fileRef = E9F6B67D2C95800F008E9FBF /* ChatView.swift */; };
		E9F6B6832C968743008E9FBF /* Model.swift in Sources */ = {isa = PBXBuildFile; fileRef = E9F6B6822C968743008E9FBF /* Model.swift */; };
		E9F6B6862C96EB14008E9FBF /* ForumVC.swift in Sources */ = {isa = PBXBuildFile; fileRef = E9F6B6852C96EB14008E9FBF /* ForumVC.swift */; };
		E9F6B6882C96EFC9008E9FBF /* PostCell.swift in Sources */ = {isa = PBXBuildFile; fileRef = E9F6B6872C96EFC9008E9FBF /* PostCell.swift */; };
		E9F6B68A2C971788008E9FBF /* PostEditVC.swift in Sources */ = {isa = PBXBuildFile; fileRef = E9F6B6892C971788008E9FBF /* PostEditVC.swift */; };
		E9F6B68C2C9717A9008E9FBF /* PostEditView.swift in Sources */ = {isa = PBXBuildFile; fileRef = E9F6B68B2C9717A9008E9FBF /* PostEditView.swift */; };
		E9F6B6B22C997482008E9FBF /* ImageVC.swift in Sources */ = {isa = PBXBuildFile; fileRef = E9F6B6B12C997482008E9FBF /* ImageVC.swift */; };
		E9F6B6B62C9AA030008E9FBF /* ButtonExtension.swift in Sources */ = {isa = PBXBuildFile; fileRef = E9F6B6B52C9AA030008E9FBF /* ButtonExtension.swift */; };
		E9F6B6BA2C9AC4D2008E9FBF /* CommentsVC.swift in Sources */ = {isa = PBXBuildFile; fileRef = E9F6B6B92C9AC4D2008E9FBF /* CommentsVC.swift */; };
		E9F6B6BE2C9BCF7C008E9FBF /* CommentCell.swift in Sources */ = {isa = PBXBuildFile; fileRef = E9F6B6BD2C9BCF7C008E9FBF /* CommentCell.swift */; };
		E9F6B6C02C9C194F008E9FBF /* AlbumVC.swift in Sources */ = {isa = PBXBuildFile; fileRef = E9F6B6BF2C9C194E008E9FBF /* AlbumVC.swift */; };
		E9F6B6C32C9C247B008E9FBF /* IQKeyboardManagerSwift in Frameworks */ = {isa = PBXBuildFile; productRef = E9F6B6C22C9C247B008E9FBF /* IQKeyboardManagerSwift */; };
		E9F6B6C52C9C694D008E9FBF /* RecordVC.swift in Sources */ = {isa = PBXBuildFile; fileRef = E9F6B6C42C9C694D008E9FBF /* RecordVC.swift */; };
/* End PBXBuildFile section */

/* Begin PBXContainerItemProxy section */
		E91218D82CB2DD0A000521ED /* PBXContainerItemProxy */ = {
			isa = PBXContainerItemProxy;
			containerPortal = E97C15D52C9166B4002B437C /* Project object */;
			proxyType = 1;
			remoteGlobalIDString = E91218C72CB2DD07000521ED;
			remoteInfo = MorningWidgetExtension;
		};
/* End PBXContainerItemProxy section */

/* Begin PBXCopyFilesBuildPhase section */
		E91218DE2CB2DD0A000521ED /* Embed Foundation Extensions */ = {
			isa = PBXCopyFilesBuildPhase;
			buildActionMask = 2147483647;
			dstPath = "";
			dstSubfolderSpec = 13;
			files = (
				E91218DA2CB2DD0A000521ED /* MorningWidgetExtension.appex in Embed Foundation Extensions */,
			);
			name = "Embed Foundation Extensions";
			runOnlyForDeploymentPostprocessing = 0;
		};
/* End PBXCopyFilesBuildPhase section */

/* Begin PBXFileReference section */
		E90B5E4E2CA3A22000CA24F7 /* DetailVC.swift */ = {isa = PBXFileReference; lastKnownFileType = sourcecode.swift; path = DetailVC.swift; sourceTree = "<group>"; };
		E90B5E542CA509AB00CA24F7 /* TagFilterView.swift */ = {isa = PBXFileReference; lastKnownFileType = sourcecode.swift; path = TagFilterView.swift; sourceTree = "<group>"; };
		E91218C02CB0ED6A000521ED /* CustomTabBarController.swift */ = {isa = PBXFileReference; lastKnownFileType = sourcecode.swift; path = CustomTabBarController.swift; sourceTree = "<group>"; };
		E91218C22CB294FE000521ED /* ReportIssueVC.swift */ = {isa = PBXFileReference; lastKnownFileType = sourcecode.swift; path = ReportIssueVC.swift; sourceTree = "<group>"; };
		E91218C82CB2DD07000521ED /* MorningWidgetExtension.appex */ = {isa = PBXFileReference; explicitFileType = "wrapper.app-extension"; includeInIndex = 0; path = MorningWidgetExtension.appex; sourceTree = BUILT_PRODUCTS_DIR; };
		E91218CA2CB2DD07000521ED /* WidgetKit.framework */ = {isa = PBXFileReference; lastKnownFileType = wrapper.framework; name = WidgetKit.framework; path = System/Library/Frameworks/WidgetKit.framework; sourceTree = SDKROOT; };
		E91218CC2CB2DD08000521ED /* SwiftUI.framework */ = {isa = PBXFileReference; lastKnownFileType = wrapper.framework; name = SwiftUI.framework; path = System/Library/Frameworks/SwiftUI.framework; sourceTree = SDKROOT; };
		E91218CF2CB2DD08000521ED /* MorningWidgetBundle.swift */ = {isa = PBXFileReference; lastKnownFileType = sourcecode.swift; path = MorningWidgetBundle.swift; sourceTree = "<group>"; };
		E91218D12CB2DD08000521ED /* MorningWidgetLiveActivity.swift */ = {isa = PBXFileReference; lastKnownFileType = sourcecode.swift; path = MorningWidgetLiveActivity.swift; sourceTree = "<group>"; };
		E91218D32CB2DD08000521ED /* MorningWidget.swift */ = {isa = PBXFileReference; lastKnownFileType = sourcecode.swift; path = MorningWidget.swift; sourceTree = "<group>"; };
		E91218D52CB2DD0A000521ED /* Assets.xcassets */ = {isa = PBXFileReference; lastKnownFileType = folder.assetcatalog; path = Assets.xcassets; sourceTree = "<group>"; };
		E91218D72CB2DD0A000521ED /* Info.plist */ = {isa = PBXFileReference; lastKnownFileType = text.plist.xml; path = Info.plist; sourceTree = "<group>"; };
		E91218E02CB4CCB4000521ED /* KeyboardHandler.swift */ = {isa = PBXFileReference; lastKnownFileType = sourcecode.swift; path = KeyboardHandler.swift; sourceTree = "<group>"; };
		E91218E22CB51341000521ED /* privacy_policy.html */ = {isa = PBXFileReference; lastKnownFileType = text.html; path = privacy_policy.html; sourceTree = "<group>"; };
		E91218E42CB51465000521ED /* PrivacyPolicyVC.swift */ = {isa = PBXFileReference; lastKnownFileType = sourcecode.swift; path = PrivacyPolicyVC.swift; sourceTree = "<group>"; };
		E91219092CB6BA45000521ED /* AlertKitManager.swift */ = {isa = PBXFileReference; lastKnownFileType = sourcecode.swift; path = AlertKitManager.swift; sourceTree = "<group>"; };
		E912190B2CB78DF3000521ED /* BlockManager.swift */ = {isa = PBXFileReference; lastKnownFileType = sourcecode.swift; path = BlockManager.swift; sourceTree = "<group>"; };
		E912190D2CB79133000521ED /* ReportCommentManager.swift */ = {isa = PBXFileReference; lastKnownFileType = sourcecode.swift; path = ReportCommentManager.swift; sourceTree = "<group>"; };
		E912190F2CB79617000521ED /* ReportPostManager.swift */ = {isa = PBXFileReference; lastKnownFileType = sourcecode.swift; path = ReportPostManager.swift; sourceTree = "<group>"; };
		E91219112CB81CBC000521ED /* PlaceholderView.swift */ = {isa = PBXFileReference; lastKnownFileType = sourcecode.swift; path = PlaceholderView.swift; sourceTree = "<group>"; };
		E9240ACE2C9D209F00A47944 /* AlbumCell.swift */ = {isa = PBXFileReference; lastKnownFileType = sourcecode.swift; path = AlbumCell.swift; sourceTree = "<group>"; };
		E9240AD02C9D216A00A47944 /* MyPostVC.swift */ = {isa = PBXFileReference; lastKnownFileType = sourcecode.swift; path = MyPostVC.swift; sourceTree = "<group>"; };
		E9240AD22C9D442F00A47944 /* RecordView.swift */ = {isa = PBXFileReference; lastKnownFileType = sourcecode.swift; path = RecordView.swift; sourceTree = "<group>"; };
		E9521C242CAD43C000BFCAEF /* Haptic.swift */ = {isa = PBXFileReference; lastKnownFileType = sourcecode.swift; path = Haptic.swift; sourceTree = "<group>"; };
		E9521C282CAE43D200BFCAEF /* BlockedListVC.swift */ = {isa = PBXFileReference; lastKnownFileType = sourcecode.swift; path = BlockedListVC.swift; sourceTree = "<group>"; };
		E9521C2A2CAE486700BFCAEF /* BlockedListCell.swift */ = {isa = PBXFileReference; lastKnownFileType = sourcecode.swift; path = BlockedListCell.swift; sourceTree = "<group>"; };
		E9521C2C2CAE507000BFCAEF /* ToastView.swift */ = {isa = PBXFileReference; lastKnownFileType = sourcecode.swift; path = ToastView.swift; sourceTree = "<group>"; };
		E9521C2E2CAE91C000BFCAEF /* ResponseCopyCell.swift */ = {isa = PBXFileReference; lastKnownFileType = sourcecode.swift; path = ResponseCopyCell.swift; sourceTree = "<group>"; };
		E9521C332CAFC28300BFCAEF /* WelcomeVC.swift */ = {isa = PBXFileReference; lastKnownFileType = sourcecode.swift; path = WelcomeVC.swift; sourceTree = "<group>"; };
		E97654992CACE9AC003884AF /* UserInfoCell.swift */ = {isa = PBXFileReference; lastKnownFileType = sourcecode.swift; path = UserInfoCell.swift; sourceTree = "<group>"; };
		E976549B2CAD0A5F003884AF /* Animation.swift */ = {isa = PBXFileReference; lastKnownFileType = sourcecode.swift; path = Animation.swift; sourceTree = "<group>"; };
		E97C15DD2C9166B5002B437C /* MindReader.app */ = {isa = PBXFileReference; explicitFileType = wrapper.application; includeInIndex = 0; path = MindReader.app; sourceTree = BUILT_PRODUCTS_DIR; };
		E97C15E02C9166B5002B437C /* AppDelegate.swift */ = {isa = PBXFileReference; lastKnownFileType = sourcecode.swift; path = AppDelegate.swift; sourceTree = "<group>"; };
		E97C15E22C9166B5002B437C /* SceneDelegate.swift */ = {isa = PBXFileReference; lastKnownFileType = sourcecode.swift; path = SceneDelegate.swift; sourceTree = "<group>"; };
		E97C15E42C9166B5002B437C /* HomeVC.swift */ = {isa = PBXFileReference; lastKnownFileType = sourcecode.swift; path = HomeVC.swift; sourceTree = "<group>"; };
		E97C15E72C9166B5002B437C /* Base */ = {isa = PBXFileReference; lastKnownFileType = file.storyboard; name = Base; path = Base.lproj/Main.storyboard; sourceTree = "<group>"; };
		E97C15E92C9166B7002B437C /* Assets.xcassets */ = {isa = PBXFileReference; lastKnownFileType = folder.assetcatalog; path = Assets.xcassets; sourceTree = "<group>"; };
		E97C15EC2C9166B7002B437C /* Base */ = {isa = PBXFileReference; lastKnownFileType = file.storyboard; name = Base; path = Base.lproj/LaunchScreen.storyboard; sourceTree = "<group>"; };
		E97C15EE2C9166B7002B437C /* Info.plist */ = {isa = PBXFileReference; lastKnownFileType = text.plist.xml; path = Info.plist; sourceTree = "<group>"; };
		E97C15F42C91810A002B437C /* HomeView.swift */ = {isa = PBXFileReference; lastKnownFileType = sourcecode.swift; path = HomeView.swift; sourceTree = "<group>"; };
		E97C15F62C91812F002B437C /* APIService.swift */ = {isa = PBXFileReference; lastKnownFileType = sourcecode.swift; path = APIService.swift; sourceTree = "<group>"; };
		E97C15F82C918944002B437C /* GoogleService-Info.plist */ = {isa = PBXFileReference; fileEncoding = 4; lastKnownFileType = text.plist.xml; path = "GoogleService-Info.plist"; sourceTree = "<group>"; };
		E97C16032C919FFF002B437C /* ChatVC.swift */ = {isa = PBXFileReference; lastKnownFileType = sourcecode.swift; path = ChatVC.swift; sourceTree = "<group>"; };
		E97C16052C91A0DF002B437C /* ChatCell.swift */ = {isa = PBXFileReference; lastKnownFileType = sourcecode.swift; path = ChatCell.swift; sourceTree = "<group>"; };
		E97C16072C92BC88002B437C /* APIKeys.swift */ = {isa = PBXFileReference; lastKnownFileType = sourcecode.swift; path = APIKeys.swift; sourceTree = "<group>"; };
		E97C16142C95536B002B437C /* TextRecognition.swift */ = {isa = PBXFileReference; lastKnownFileType = sourcecode.swift; path = TextRecognition.swift; sourceTree = "<group>"; };
		E97C16162C955CBB002B437C /* FirestoreService.swift */ = {isa = PBXFileReference; lastKnownFileType = sourcecode.swift; path = FirestoreService.swift; sourceTree = "<group>"; };
		E99142262C9EEDCE00016C90 /* ImageCollectionView.swift */ = {isa = PBXFileReference; lastKnownFileType = sourcecode.swift; path = ImageCollectionView.swift; sourceTree = "<group>"; };
		E991422A2C9F24C300016C90 /* PostVC.swift */ = {isa = PBXFileReference; lastKnownFileType = sourcecode.swift; path = PostVC.swift; sourceTree = "<group>"; };
		E99142312C9FFABA00016C90 /* AlbumFullScreenVC.swift */ = {isa = PBXFileReference; lastKnownFileType = sourcecode.swift; path = AlbumFullScreenVC.swift; sourceTree = "<group>"; };
		E99142332CA0042200016C90 /* ImageCell.swift */ = {isa = PBXFileReference; lastKnownFileType = sourcecode.swift; path = ImageCell.swift; sourceTree = "<group>"; };
		E99142572CA2D03500016C90 /* DateFormatterExtension.swift */ = {isa = PBXFileReference; lastKnownFileType = sourcecode.swift; path = DateFormatterExtension.swift; sourceTree = "<group>"; };
		E9C668B32CA5407400C0EE1D /* SettingVC.swift */ = {isa = PBXFileReference; lastKnownFileType = sourcecode.swift; path = SettingVC.swift; sourceTree = "<group>"; };
		E9C668B52CA5444C00C0EE1D /* MindReader.entitlements */ = {isa = PBXFileReference; lastKnownFileType = text.plist.entitlements; path = MindReader.entitlements; sourceTree = "<group>"; };
		E9C668BC2CA5A06300C0EE1D /* LoginVC.swift */ = {isa = PBXFileReference; lastKnownFileType = sourcecode.swift; path = LoginVC.swift; sourceTree = "<group>"; };
		E9F6B67D2C95800F008E9FBF /* ChatView.swift */ = {isa = PBXFileReference; lastKnownFileType = sourcecode.swift; path = ChatView.swift; sourceTree = "<group>"; };
		E9F6B6822C968743008E9FBF /* Model.swift */ = {isa = PBXFileReference; lastKnownFileType = sourcecode.swift; path = Model.swift; sourceTree = "<group>"; };
		E9F6B6852C96EB14008E9FBF /* ForumVC.swift */ = {isa = PBXFileReference; lastKnownFileType = sourcecode.swift; path = ForumVC.swift; sourceTree = "<group>"; };
		E9F6B6872C96EFC9008E9FBF /* PostCell.swift */ = {isa = PBXFileReference; lastKnownFileType = sourcecode.swift; path = PostCell.swift; sourceTree = "<group>"; };
		E9F6B6892C971788008E9FBF /* PostEditVC.swift */ = {isa = PBXFileReference; lastKnownFileType = sourcecode.swift; path = PostEditVC.swift; sourceTree = "<group>"; };
		E9F6B68B2C9717A9008E9FBF /* PostEditView.swift */ = {isa = PBXFileReference; lastKnownFileType = sourcecode.swift; path = PostEditView.swift; sourceTree = "<group>"; };
		E9F6B6B12C997482008E9FBF /* ImageVC.swift */ = {isa = PBXFileReference; lastKnownFileType = sourcecode.swift; path = ImageVC.swift; sourceTree = "<group>"; };
		E9F6B6B52C9AA030008E9FBF /* ButtonExtension.swift */ = {isa = PBXFileReference; lastKnownFileType = sourcecode.swift; path = ButtonExtension.swift; sourceTree = "<group>"; };
		E9F6B6B92C9AC4D2008E9FBF /* CommentsVC.swift */ = {isa = PBXFileReference; lastKnownFileType = sourcecode.swift; path = CommentsVC.swift; sourceTree = "<group>"; };
		E9F6B6BD2C9BCF7C008E9FBF /* CommentCell.swift */ = {isa = PBXFileReference; lastKnownFileType = sourcecode.swift; path = CommentCell.swift; sourceTree = "<group>"; };
		E9F6B6BF2C9C194E008E9FBF /* AlbumVC.swift */ = {isa = PBXFileReference; lastKnownFileType = sourcecode.swift; path = AlbumVC.swift; sourceTree = "<group>"; };
		E9F6B6C42C9C694D008E9FBF /* RecordVC.swift */ = {isa = PBXFileReference; lastKnownFileType = sourcecode.swift; path = RecordVC.swift; sourceTree = "<group>"; };
/* End PBXFileReference section */

/* Begin PBXFrameworksBuildPhase section */
		E91218C52CB2DD07000521ED /* Frameworks */ = {
			isa = PBXFrameworksBuildPhase;
			buildActionMask = 2147483647;
			files = (
				E91218CD2CB2DD08000521ED /* SwiftUI.framework in Frameworks */,
				E91218CB2CB2DD08000521ED /* WidgetKit.framework in Frameworks */,
			);
			runOnlyForDeploymentPostprocessing = 0;
		};
		E97C15DA2C9166B5002B437C /* Frameworks */ = {
			isa = PBXFrameworksBuildPhase;
			buildActionMask = 2147483647;
			files = (
				E97654962CABC4A7003884AF /* AlertKit in Frameworks */,
				E99142302C9FF8F200016C90 /* Kingfisher in Frameworks */,
				E9F6B6C32C9C247B008E9FBF /* IQKeyboardManagerSwift in Frameworks */,
				E97C15FE2C9189FF002B437C /* FirebaseDatabase in Frameworks */,
				E97C16022C9189FF002B437C /* FirebaseStorage in Frameworks */,
				E97C15FC2C9189FF002B437C /* FirebaseAuth in Frameworks */,
				E97C16002C9189FF002B437C /* FirebaseFirestore in Frameworks */,
				E9521C322CAFB28300BFCAEF /* Lottie in Frameworks */,
			);
			runOnlyForDeploymentPostprocessing = 0;
		};
/* End PBXFrameworksBuildPhase section */

/* Begin PBXGroup section */
		E90B5E4C2CA39DCC00CA24F7 /* Extension */ = {
			isa = PBXGroup;
			children = (
				E91218C02CB0ED6A000521ED /* CustomTabBarController.swift */,
				E99142572CA2D03500016C90 /* DateFormatterExtension.swift */,
				E97C16142C95536B002B437C /* TextRecognition.swift */,
				E9F6B6B52C9AA030008E9FBF /* ButtonExtension.swift */,
				E9521C242CAD43C000BFCAEF /* Haptic.swift */,
				E976549B2CAD0A5F003884AF /* Animation.swift */,
				E91218E02CB4CCB4000521ED /* KeyboardHandler.swift */,
				E91219092CB6BA45000521ED /* AlertKitManager.swift */,
			);
			path = Extension;
			sourceTree = "<group>";
		};
		E90B5E4D2CA39DFE00CA24F7 /* Data */ = {
			isa = PBXGroup;
			children = (
				E9F6B6822C968743008E9FBF /* Model.swift */,
				E97C15F62C91812F002B437C /* APIService.swift */,
				E97C16162C955CBB002B437C /* FirestoreService.swift */,
			);
			path = Data;
			sourceTree = "<group>";
		};
		E91218C92CB2DD07000521ED /* Frameworks */ = {
			isa = PBXGroup;
			children = (
				E91218CA2CB2DD07000521ED /* WidgetKit.framework */,
				E91218CC2CB2DD08000521ED /* SwiftUI.framework */,
			);
			name = Frameworks;
			sourceTree = "<group>";
		};
		E91218CE2CB2DD08000521ED /* MorningWidget */ = {
			isa = PBXGroup;
			children = (
				E91218CF2CB2DD08000521ED /* MorningWidgetBundle.swift */,
				E91218D12CB2DD08000521ED /* MorningWidgetLiveActivity.swift */,
				E91218D32CB2DD08000521ED /* MorningWidget.swift */,
				E91218D52CB2DD0A000521ED /* Assets.xcassets */,
				E91218D72CB2DD0A000521ED /* Info.plist */,
			);
			path = MorningWidget;
			sourceTree = "<group>";
		};
		E91218DF2CB3CD95000521ED /* VC */ = {
			isa = PBXGroup;
			children = (
				E9C668BC2CA5A06300C0EE1D /* LoginVC.swift */,
				E9521C332CAFC28300BFCAEF /* WelcomeVC.swift */,
				E97C15E42C9166B5002B437C /* HomeVC.swift */,
				E9F6B6B12C997482008E9FBF /* ImageVC.swift */,
				E991422A2C9F24C300016C90 /* PostVC.swift */,
				E9F6B6852C96EB14008E9FBF /* ForumVC.swift */,
				E9F6B6892C971788008E9FBF /* PostEditVC.swift */,
				E90B5E4E2CA3A22000CA24F7 /* DetailVC.swift */,
				E9F6B6B92C9AC4D2008E9FBF /* CommentsVC.swift */,
				E97C16032C919FFF002B437C /* ChatVC.swift */,
				E9F6B6C42C9C694D008E9FBF /* RecordVC.swift */,
				E9240AD02C9D216A00A47944 /* MyPostVC.swift */,
				E9F6B6BF2C9C194E008E9FBF /* AlbumVC.swift */,
				E99142312C9FFABA00016C90 /* AlbumFullScreenVC.swift */,
				E9C668B32CA5407400C0EE1D /* SettingVC.swift */,
				E9521C282CAE43D200BFCAEF /* BlockedListVC.swift */,
				E91218C22CB294FE000521ED /* ReportIssueVC.swift */,
				E91218E42CB51465000521ED /* PrivacyPolicyVC.swift */,
			);
			path = VC;
			sourceTree = "<group>";
		};
		E97C15D42C9166B4002B437C = {
			isa = PBXGroup;
			children = (
				E97C15DF2C9166B5002B437C /* MindReader */,
				E91218CE2CB2DD08000521ED /* MorningWidget */,
				E91218C92CB2DD07000521ED /* Frameworks */,
				E97C15DE2C9166B5002B437C /* Products */,
			);
			sourceTree = "<group>";
		};
		E97C15DE2C9166B5002B437C /* Products */ = {
			isa = PBXGroup;
			children = (
				E97C15DD2C9166B5002B437C /* MindReader.app */,
				E91218C82CB2DD07000521ED /* MorningWidgetExtension.appex */,
			);
			name = Products;
			sourceTree = "<group>";
		};
		E97C15DF2C9166B5002B437C /* MindReader */ = {
			isa = PBXGroup;
			children = (
				E9C668B52CA5444C00C0EE1D /* MindReader.entitlements */,
				E9240AD22C9D442F00A47944 /* RecordView.swift */,
				E97C15E02C9166B5002B437C /* AppDelegate.swift */,
				E97C15E22C9166B5002B437C /* SceneDelegate.swift */,
				E97C16072C92BC88002B437C /* APIKeys.swift */,
				E91218DF2CB3CD95000521ED /* VC */,
				E90B5E4D2CA39DFE00CA24F7 /* Data */,
				E90B5E4C2CA39DCC00CA24F7 /* Extension */,
				E97C161A2C956447002B437C /* Home */,
				E9F6B6842C96EAD2008E9FBF /* Forum */,
				E97C161B2C95647F002B437C /* Chat */,
				E9F6B6BB2C9B1C3B008E9FBF /* Record */,
				E9F6B6BC2C9B1C4D008E9FBF /* Settings */,
				E97C15EB2C9166B7002B437C /* LaunchScreen.storyboard */,
				E97C15E62C9166B5002B437C /* Main.storyboard */,
				E97C15E92C9166B7002B437C /* Assets.xcassets */,
				E97C15EE2C9166B7002B437C /* Info.plist */,
				E97C15F82C918944002B437C /* GoogleService-Info.plist */,
				E91218E22CB51341000521ED /* privacy_policy.html */,
				E912190B2CB78DF3000521ED /* BlockManager.swift */,
				E912190D2CB79133000521ED /* ReportCommentManager.swift */,
				E912190F2CB79617000521ED /* ReportPostManager.swift */,
				E91219112CB81CBC000521ED /* PlaceholderView.swift */,
			);
			path = MindReader;
			sourceTree = "<group>";
		};
		E97C161A2C956447002B437C /* Home */ = {
			isa = PBXGroup;
			children = (
				E97C15F42C91810A002B437C /* HomeView.swift */,
				E99142262C9EEDCE00016C90 /* ImageCollectionView.swift */,
				E9521C2C2CAE507000BFCAEF /* ToastView.swift */,
				E9521C2E2CAE91C000BFCAEF /* ResponseCopyCell.swift */,
			);
			path = Home;
			sourceTree = "<group>";
		};
		E97C161B2C95647F002B437C /* Chat */ = {
			isa = PBXGroup;
			children = (
				E97C16052C91A0DF002B437C /* ChatCell.swift */,
				E9F6B67D2C95800F008E9FBF /* ChatView.swift */,
			);
			path = Chat;
			sourceTree = "<group>";
		};
		E9F6B6842C96EAD2008E9FBF /* Forum */ = {
			isa = PBXGroup;
			children = (
				E9F6B6872C96EFC9008E9FBF /* PostCell.swift */,
				E9F6B68B2C9717A9008E9FBF /* PostEditView.swift */,
				E9F6B6BD2C9BCF7C008E9FBF /* CommentCell.swift */,
				E90B5E542CA509AB00CA24F7 /* TagFilterView.swift */,
			);
			path = Forum;
			sourceTree = "<group>";
		};
		E9F6B6BB2C9B1C3B008E9FBF /* Record */ = {
			isa = PBXGroup;
			children = (
				E9240ACE2C9D209F00A47944 /* AlbumCell.swift */,
				E99142332CA0042200016C90 /* ImageCell.swift */,
			);
			path = Record;
			sourceTree = "<group>";
		};
		E9F6B6BC2C9B1C4D008E9FBF /* Settings */ = {
			isa = PBXGroup;
			children = (
				E97654992CACE9AC003884AF /* UserInfoCell.swift */,
				E9521C2A2CAE486700BFCAEF /* BlockedListCell.swift */,
			);
			path = Settings;
			sourceTree = "<group>";
		};
/* End PBXGroup section */

/* Begin PBXNativeTarget section */
		E91218C72CB2DD07000521ED /* MorningWidgetExtension */ = {
			isa = PBXNativeTarget;
			buildConfigurationList = E91218DB2CB2DD0A000521ED /* Build configuration list for PBXNativeTarget "MorningWidgetExtension" */;
			buildPhases = (
				E91218C42CB2DD07000521ED /* Sources */,
				E91218C52CB2DD07000521ED /* Frameworks */,
				E91218C62CB2DD07000521ED /* Resources */,
			);
			buildRules = (
			);
			dependencies = (
			);
			name = MorningWidgetExtension;
			productName = MorningWidgetExtension;
			productReference = E91218C82CB2DD07000521ED /* MorningWidgetExtension.appex */;
			productType = "com.apple.product-type.app-extension";
		};
		E97C15DC2C9166B5002B437C /* MindReader */ = {
			isa = PBXNativeTarget;
			buildConfigurationList = E97C15F12C9166B7002B437C /* Build configuration list for PBXNativeTarget "MindReader" */;
			buildPhases = (
				E97C160E2C948382002B437C /* ShellScript */,
				E97C15D92C9166B5002B437C /* Sources */,
				E97C15DA2C9166B5002B437C /* Frameworks */,
				E97C15DB2C9166B5002B437C /* Resources */,
				E91218DE2CB2DD0A000521ED /* Embed Foundation Extensions */,
			);
			buildRules = (
			);
			dependencies = (
				E91218D92CB2DD0A000521ED /* PBXTargetDependency */,
			);
			name = MindReader;
			packageProductDependencies = (
				E97C15FB2C9189FF002B437C /* FirebaseAuth */,
				E97C15FD2C9189FF002B437C /* FirebaseDatabase */,
				E97C15FF2C9189FF002B437C /* FirebaseFirestore */,
				E97C16012C9189FF002B437C /* FirebaseStorage */,
				E9F6B6C22C9C247B008E9FBF /* IQKeyboardManagerSwift */,
				E991422F2C9FF8F200016C90 /* Kingfisher */,
				E97654952CABC4A7003884AF /* AlertKit */,
				E9521C312CAFB28300BFCAEF /* Lottie */,
			);
			productName = MindReader;
			productReference = E97C15DD2C9166B5002B437C /* MindReader.app */;
			productType = "com.apple.product-type.application";
		};
/* End PBXNativeTarget section */

/* Begin PBXProject section */
		E97C15D52C9166B4002B437C /* Project object */ = {
			isa = PBXProject;
			attributes = {
				BuildIndependentTargetsInParallel = 1;
				LastSwiftUpdateCheck = 1530;
				LastUpgradeCheck = 1530;
				TargetAttributes = {
					E91218C72CB2DD07000521ED = {
						CreatedOnToolsVersion = 15.3;
					};
					E97C15DC2C9166B5002B437C = {
						CreatedOnToolsVersion = 15.3;
					};
				};
			};
			buildConfigurationList = E97C15D82C9166B4002B437C /* Build configuration list for PBXProject "MindReader" */;
			compatibilityVersion = "Xcode 14.0";
			developmentRegion = en;
			hasScannedForEncodings = 0;
			knownRegions = (
				en,
				Base,
			);
			mainGroup = E97C15D42C9166B4002B437C;
			packageReferences = (
				E97C15FA2C9189FF002B437C /* XCRemoteSwiftPackageReference "firebase-ios-sdk" */,
				E9F6B6C12C9C247B008E9FBF /* XCRemoteSwiftPackageReference "IQKeyboardManager" */,
				E991422E2C9FF8F200016C90 /* XCRemoteSwiftPackageReference "Kingfisher" */,
				E97654942CABC4A6003884AF /* XCRemoteSwiftPackageReference "AlertKit" */,
				E9521C302CAFB28300BFCAEF /* XCRemoteSwiftPackageReference "lottie-ios" */,
			);
			productRefGroup = E97C15DE2C9166B5002B437C /* Products */;
			projectDirPath = "";
			projectRoot = "";
			targets = (
				E97C15DC2C9166B5002B437C /* MindReader */,
				E91218C72CB2DD07000521ED /* MorningWidgetExtension */,
			);
		};
/* End PBXProject section */

/* Begin PBXResourcesBuildPhase section */
		E91218C62CB2DD07000521ED /* Resources */ = {
			isa = PBXResourcesBuildPhase;
			buildActionMask = 2147483647;
			files = (
				E91218D62CB2DD0A000521ED /* Assets.xcassets in Resources */,
			);
			runOnlyForDeploymentPostprocessing = 0;
		};
		E97C15DB2C9166B5002B437C /* Resources */ = {
			isa = PBXResourcesBuildPhase;
			buildActionMask = 2147483647;
			files = (
				E97C15EA2C9166B7002B437C /* Assets.xcassets in Resources */,
				E91218E32CB51341000521ED /* privacy_policy.html in Resources */,
				E97C15F92C918944002B437C /* GoogleService-Info.plist in Resources */,
				E97C15ED2C9166B7002B437C /* Base in Resources */,
				E97C15E82C9166B5002B437C /* Base in Resources */,
			);
			runOnlyForDeploymentPostprocessing = 0;
		};
/* End PBXResourcesBuildPhase section */

/* Begin PBXShellScriptBuildPhase section */
		E97C160E2C948382002B437C /* ShellScript */ = {
			isa = PBXShellScriptBuildPhase;
			alwaysOutOfDate = 1;
			buildActionMask = 2147483647;
			files = (
			);
			inputFileListPaths = (
			);
			inputPaths = (
			);
			outputFileListPaths = (
			);
			outputPaths = (
			);
			runOnlyForDeploymentPostprocessing = 0;
			shellPath = /bin/sh;
			shellScript = "# Type a script or drag a script file from your workspace to insert its path.\nif [[ \"$(uname -m)\" == arm64 ]]; then\n    export PATH=\"/opt/homebrew/bin:$PATH\"\nfi\n\nif which swiftlint > /dev/null; then\n  swiftlint\nelse\n  echo \"warning: SwiftLint not installed, download from https://github.com/realm/SwiftLint\"\nfi\n";
		};
/* End PBXShellScriptBuildPhase section */

/* Begin PBXSourcesBuildPhase section */
		E91218C42CB2DD07000521ED /* Sources */ = {
			isa = PBXSourcesBuildPhase;
			buildActionMask = 2147483647;
			files = (
				E91218D02CB2DD08000521ED /* MorningWidgetBundle.swift in Sources */,
				E91218D22CB2DD08000521ED /* MorningWidgetLiveActivity.swift in Sources */,
				E91218D42CB2DD08000521ED /* MorningWidget.swift in Sources */,
			);
			runOnlyForDeploymentPostprocessing = 0;
		};
		E97C15D92C9166B5002B437C /* Sources */ = {
			isa = PBXSourcesBuildPhase;
			buildActionMask = 2147483647;
			files = (
				E97C16042C919FFF002B437C /* ChatVC.swift in Sources */,
				E9C668B42CA5407400C0EE1D /* SettingVC.swift in Sources */,
				E97C16172C955CBB002B437C /* FirestoreService.swift in Sources */,
				E976549A2CACE9AC003884AF /* UserInfoCell.swift in Sources */,
				E91218C32CB294FE000521ED /* ReportIssueVC.swift in Sources */,
				E97C15E52C9166B5002B437C /* HomeVC.swift in Sources */,
				E97C15F72C91812F002B437C /* APIService.swift in Sources */,
				E9521C342CAFC28300BFCAEF /* WelcomeVC.swift in Sources */,
				E9521C292CAE43D200BFCAEF /* BlockedListVC.swift in Sources */,
				E9F6B6B22C997482008E9FBF /* ImageVC.swift in Sources */,
				E9F6B67E2C95800F008E9FBF /* ChatView.swift in Sources */,
				E91219102CB79617000521ED /* ReportPostManager.swift in Sources */,
				E991422B2C9F24C300016C90 /* PostVC.swift in Sources */,
				E9F6B68A2C971788008E9FBF /* PostEditVC.swift in Sources */,
				E9521C252CAD43C000BFCAEF /* Haptic.swift in Sources */,
				E97C15F52C91810A002B437C /* HomeView.swift in Sources */,
				E9240ACF2C9D209F00A47944 /* AlbumCell.swift in Sources */,
				E97C16062C91A0DF002B437C /* ChatCell.swift in Sources */,
				E99142322C9FFABA00016C90 /* AlbumFullScreenVC.swift in Sources */,
				E91218C12CB0ED6A000521ED /* CustomTabBarController.swift in Sources */,
				E976549C2CAD0A5F003884AF /* Animation.swift in Sources */,
				E912190E2CB79134000521ED /* ReportCommentManager.swift in Sources */,
				E9F6B6B62C9AA030008E9FBF /* ButtonExtension.swift in Sources */,
				E91219122CB81CBC000521ED /* PlaceholderView.swift in Sources */,
				E9F6B6832C968743008E9FBF /* Model.swift in Sources */,
				E90B5E4F2CA3A22000CA24F7 /* DetailVC.swift in Sources */,
				E912190A2CB6BA45000521ED /* AlertKitManager.swift in Sources */,
				E97C16082C92BC88002B437C /* APIKeys.swift in Sources */,
				E99142582CA2D03500016C90 /* DateFormatterExtension.swift in Sources */,
				E9521C2B2CAE486700BFCAEF /* BlockedListCell.swift in Sources */,
				E99142342CA0042200016C90 /* ImageCell.swift in Sources */,
				E9F6B6862C96EB14008E9FBF /* ForumVC.swift in Sources */,
				E91218E12CB4CCB4000521ED /* KeyboardHandler.swift in Sources */,
				E91218E52CB51465000521ED /* PrivacyPolicyVC.swift in Sources */,
				E9F6B6BA2C9AC4D2008E9FBF /* CommentsVC.swift in Sources */,
				E9521C2F2CAE91C000BFCAEF /* ResponseCopyCell.swift in Sources */,
				E9521C2D2CAE507000BFCAEF /* ToastView.swift in Sources */,
				E9F6B6C02C9C194F008E9FBF /* AlbumVC.swift in Sources */,
				E912190C2CB78DF4000521ED /* BlockManager.swift in Sources */,
				E97C15E12C9166B5002B437C /* AppDelegate.swift in Sources */,
				E9F6B68C2C9717A9008E9FBF /* PostEditView.swift in Sources */,
				E99142272C9EEDCE00016C90 /* ImageCollectionView.swift in Sources */,
				E97C16152C95536B002B437C /* TextRecognition.swift in Sources */,
				E97C15E32C9166B5002B437C /* SceneDelegate.swift in Sources */,
				E9F6B6882C96EFC9008E9FBF /* PostCell.swift in Sources */,
				E9240AD32C9D442F00A47944 /* RecordView.swift in Sources */,
				E9F6B6BE2C9BCF7C008E9FBF /* CommentCell.swift in Sources */,
				E90B5E552CA509AB00CA24F7 /* TagFilterView.swift in Sources */,
				E9240AD12C9D216A00A47944 /* MyPostVC.swift in Sources */,
				E9C668BD2CA5A06300C0EE1D /* LoginVC.swift in Sources */,
				E9F6B6C52C9C694D008E9FBF /* RecordVC.swift in Sources */,
			);
			runOnlyForDeploymentPostprocessing = 0;
		};
/* End PBXSourcesBuildPhase section */

/* Begin PBXTargetDependency section */
		E91218D92CB2DD0A000521ED /* PBXTargetDependency */ = {
			isa = PBXTargetDependency;
			target = E91218C72CB2DD07000521ED /* MorningWidgetExtension */;
			targetProxy = E91218D82CB2DD0A000521ED /* PBXContainerItemProxy */;
		};
/* End PBXTargetDependency section */

/* Begin PBXVariantGroup section */
		E97C15E62C9166B5002B437C /* Main.storyboard */ = {
			isa = PBXVariantGroup;
			children = (
				E97C15E72C9166B5002B437C /* Base */,
			);
			name = Main.storyboard;
			sourceTree = "<group>";
		};
		E97C15EB2C9166B7002B437C /* LaunchScreen.storyboard */ = {
			isa = PBXVariantGroup;
			children = (
				E97C15EC2C9166B7002B437C /* Base */,
			);
			name = LaunchScreen.storyboard;
			sourceTree = "<group>";
		};
/* End PBXVariantGroup section */

/* Begin XCBuildConfiguration section */
		E91218DC2CB2DD0A000521ED /* Debug */ = {
			isa = XCBuildConfiguration;
			buildSettings = {
				ASSETCATALOG_COMPILER_GLOBAL_ACCENT_COLOR_NAME = AccentColor;
				ASSETCATALOG_COMPILER_WIDGET_BACKGROUND_COLOR_NAME = WidgetBackground;
				CODE_SIGN_STYLE = Automatic;
				CURRENT_PROJECT_VERSION = 1;
				DEVELOPMENT_TEAM = 637F48P3P9;
				ENABLE_USER_SCRIPT_SANDBOXING = YES;
				GENERATE_INFOPLIST_FILE = YES;
				INFOPLIST_FILE = MorningWidget/Info.plist;
				INFOPLIST_KEY_CFBundleDisplayName = MorningWidget;
				INFOPLIST_KEY_NSHumanReadableCopyright = "";
				IPHONEOS_DEPLOYMENT_TARGET = 17.4;
				LD_RUNPATH_SEARCH_PATHS = (
					"$(inherited)",
					"@executable_path/Frameworks",
					"@executable_path/../../Frameworks",
				);
				MARKETING_VERSION = 1.0;
				PRODUCT_BUNDLE_IDENTIFIER = com.yunchen.MindReader.MorningWidget;
				PRODUCT_NAME = "$(TARGET_NAME)";
				SKIP_INSTALL = YES;
				SWIFT_EMIT_LOC_STRINGS = YES;
				SWIFT_VERSION = 5.0;
				TARGETED_DEVICE_FAMILY = "1,2";
			};
			name = Debug;
		};
		E91218DD2CB2DD0A000521ED /* Release */ = {
			isa = XCBuildConfiguration;
			buildSettings = {
				ASSETCATALOG_COMPILER_GLOBAL_ACCENT_COLOR_NAME = AccentColor;
				ASSETCATALOG_COMPILER_WIDGET_BACKGROUND_COLOR_NAME = WidgetBackground;
				CODE_SIGN_STYLE = Automatic;
				CURRENT_PROJECT_VERSION = 1;
				DEVELOPMENT_TEAM = 637F48P3P9;
				ENABLE_USER_SCRIPT_SANDBOXING = YES;
				GENERATE_INFOPLIST_FILE = YES;
				INFOPLIST_FILE = MorningWidget/Info.plist;
				INFOPLIST_KEY_CFBundleDisplayName = MorningWidget;
				INFOPLIST_KEY_NSHumanReadableCopyright = "";
				IPHONEOS_DEPLOYMENT_TARGET = 17.4;
				LD_RUNPATH_SEARCH_PATHS = (
					"$(inherited)",
					"@executable_path/Frameworks",
					"@executable_path/../../Frameworks",
				);
				MARKETING_VERSION = 1.0;
				PRODUCT_BUNDLE_IDENTIFIER = com.yunchen.MindReader.MorningWidget;
				PRODUCT_NAME = "$(TARGET_NAME)";
				SKIP_INSTALL = YES;
				SWIFT_EMIT_LOC_STRINGS = YES;
				SWIFT_VERSION = 5.0;
				TARGETED_DEVICE_FAMILY = "1,2";
			};
			name = Release;
		};
		E97C15EF2C9166B7002B437C /* Debug */ = {
			isa = XCBuildConfiguration;
			buildSettings = {
				ALWAYS_SEARCH_USER_PATHS = NO;
				ASSETCATALOG_COMPILER_GENERATE_SWIFT_ASSET_SYMBOL_EXTENSIONS = YES;
				CLANG_ANALYZER_NONNULL = YES;
				CLANG_ANALYZER_NUMBER_OBJECT_CONVERSION = YES_AGGRESSIVE;
				CLANG_CXX_LANGUAGE_STANDARD = "gnu++20";
				CLANG_ENABLE_MODULES = YES;
				CLANG_ENABLE_OBJC_ARC = YES;
				CLANG_ENABLE_OBJC_WEAK = YES;
				CLANG_WARN_BLOCK_CAPTURE_AUTORELEASING = YES;
				CLANG_WARN_BOOL_CONVERSION = YES;
				CLANG_WARN_COMMA = YES;
				CLANG_WARN_CONSTANT_CONVERSION = YES;
				CLANG_WARN_DEPRECATED_OBJC_IMPLEMENTATIONS = YES;
				CLANG_WARN_DIRECT_OBJC_ISA_USAGE = YES_ERROR;
				CLANG_WARN_DOCUMENTATION_COMMENTS = YES;
				CLANG_WARN_EMPTY_BODY = YES;
				CLANG_WARN_ENUM_CONVERSION = YES;
				CLANG_WARN_INFINITE_RECURSION = YES;
				CLANG_WARN_INT_CONVERSION = YES;
				CLANG_WARN_NON_LITERAL_NULL_CONVERSION = YES;
				CLANG_WARN_OBJC_IMPLICIT_RETAIN_SELF = YES;
				CLANG_WARN_OBJC_LITERAL_CONVERSION = YES;
				CLANG_WARN_OBJC_ROOT_CLASS = YES_ERROR;
				CLANG_WARN_QUOTED_INCLUDE_IN_FRAMEWORK_HEADER = YES;
				CLANG_WARN_RANGE_LOOP_ANALYSIS = YES;
				CLANG_WARN_STRICT_PROTOTYPES = YES;
				CLANG_WARN_SUSPICIOUS_MOVE = YES;
				CLANG_WARN_UNGUARDED_AVAILABILITY = YES_AGGRESSIVE;
				CLANG_WARN_UNREACHABLE_CODE = YES;
				CLANG_WARN__DUPLICATE_METHOD_MATCH = YES;
				COPY_PHASE_STRIP = NO;
				DEBUG_INFORMATION_FORMAT = dwarf;
				ENABLE_STRICT_OBJC_MSGSEND = YES;
				ENABLE_TESTABILITY = YES;
				ENABLE_USER_SCRIPT_SANDBOXING = NO;
				GCC_C_LANGUAGE_STANDARD = gnu17;
				GCC_DYNAMIC_NO_PIC = NO;
				GCC_NO_COMMON_BLOCKS = YES;
				GCC_OPTIMIZATION_LEVEL = 0;
				GCC_PREPROCESSOR_DEFINITIONS = (
					"DEBUG=1",
					"$(inherited)",
				);
				GCC_WARN_64_TO_32_BIT_CONVERSION = YES;
				GCC_WARN_ABOUT_RETURN_TYPE = YES_ERROR;
				GCC_WARN_UNDECLARED_SELECTOR = YES;
				GCC_WARN_UNINITIALIZED_AUTOS = YES_AGGRESSIVE;
				GCC_WARN_UNUSED_FUNCTION = YES;
				GCC_WARN_UNUSED_VARIABLE = YES;
				IPHONEOS_DEPLOYMENT_TARGET = 17.0;
				LOCALIZATION_PREFERS_STRING_CATALOGS = YES;
				MTL_ENABLE_DEBUG_INFO = INCLUDE_SOURCE;
				MTL_FAST_MATH = YES;
				ONLY_ACTIVE_ARCH = YES;
				SDKROOT = iphoneos;
				SWIFT_ACTIVE_COMPILATION_CONDITIONS = "DEBUG $(inherited)";
				SWIFT_OPTIMIZATION_LEVEL = "-Onone";
			};
			name = Debug;
		};
		E97C15F02C9166B7002B437C /* Release */ = {
			isa = XCBuildConfiguration;
			buildSettings = {
				ALWAYS_SEARCH_USER_PATHS = NO;
				ASSETCATALOG_COMPILER_GENERATE_SWIFT_ASSET_SYMBOL_EXTENSIONS = YES;
				CLANG_ANALYZER_NONNULL = YES;
				CLANG_ANALYZER_NUMBER_OBJECT_CONVERSION = YES_AGGRESSIVE;
				CLANG_CXX_LANGUAGE_STANDARD = "gnu++20";
				CLANG_ENABLE_MODULES = YES;
				CLANG_ENABLE_OBJC_ARC = YES;
				CLANG_ENABLE_OBJC_WEAK = YES;
				CLANG_WARN_BLOCK_CAPTURE_AUTORELEASING = YES;
				CLANG_WARN_BOOL_CONVERSION = YES;
				CLANG_WARN_COMMA = YES;
				CLANG_WARN_CONSTANT_CONVERSION = YES;
				CLANG_WARN_DEPRECATED_OBJC_IMPLEMENTATIONS = YES;
				CLANG_WARN_DIRECT_OBJC_ISA_USAGE = YES_ERROR;
				CLANG_WARN_DOCUMENTATION_COMMENTS = YES;
				CLANG_WARN_EMPTY_BODY = YES;
				CLANG_WARN_ENUM_CONVERSION = YES;
				CLANG_WARN_INFINITE_RECURSION = YES;
				CLANG_WARN_INT_CONVERSION = YES;
				CLANG_WARN_NON_LITERAL_NULL_CONVERSION = YES;
				CLANG_WARN_OBJC_IMPLICIT_RETAIN_SELF = YES;
				CLANG_WARN_OBJC_LITERAL_CONVERSION = YES;
				CLANG_WARN_OBJC_ROOT_CLASS = YES_ERROR;
				CLANG_WARN_QUOTED_INCLUDE_IN_FRAMEWORK_HEADER = YES;
				CLANG_WARN_RANGE_LOOP_ANALYSIS = YES;
				CLANG_WARN_STRICT_PROTOTYPES = YES;
				CLANG_WARN_SUSPICIOUS_MOVE = YES;
				CLANG_WARN_UNGUARDED_AVAILABILITY = YES_AGGRESSIVE;
				CLANG_WARN_UNREACHABLE_CODE = YES;
				CLANG_WARN__DUPLICATE_METHOD_MATCH = YES;
				COPY_PHASE_STRIP = NO;
				DEBUG_INFORMATION_FORMAT = "dwarf-with-dsym";
				ENABLE_NS_ASSERTIONS = NO;
				ENABLE_STRICT_OBJC_MSGSEND = YES;
				ENABLE_USER_SCRIPT_SANDBOXING = NO;
				GCC_C_LANGUAGE_STANDARD = gnu17;
				GCC_NO_COMMON_BLOCKS = YES;
				GCC_WARN_64_TO_32_BIT_CONVERSION = YES;
				GCC_WARN_ABOUT_RETURN_TYPE = YES_ERROR;
				GCC_WARN_UNDECLARED_SELECTOR = YES;
				GCC_WARN_UNINITIALIZED_AUTOS = YES_AGGRESSIVE;
				GCC_WARN_UNUSED_FUNCTION = YES;
				GCC_WARN_UNUSED_VARIABLE = YES;
				IPHONEOS_DEPLOYMENT_TARGET = 17.0;
				LOCALIZATION_PREFERS_STRING_CATALOGS = YES;
				MTL_ENABLE_DEBUG_INFO = NO;
				MTL_FAST_MATH = YES;
				SDKROOT = iphoneos;
				SWIFT_COMPILATION_MODE = wholemodule;
				VALIDATE_PRODUCT = YES;
			};
			name = Release;
		};
		E97C15F22C9166B7002B437C /* Debug */ = {
			isa = XCBuildConfiguration;
			buildSettings = {
				ALWAYS_EMBED_SWIFT_STANDARD_LIBRARIES = YES;
				ASSETCATALOG_COMPILER_APPICON_NAME = AppIcon;
				ASSETCATALOG_COMPILER_GLOBAL_ACCENT_COLOR_NAME = AccentColor;
				CODE_SIGN_ENTITLEMENTS = MindReader/MindReader.entitlements;
				CODE_SIGN_STYLE = Automatic;
				CURRENT_PROJECT_VERSION = 1;
				DEVELOPMENT_TEAM = 637F48P3P9;
				GENERATE_INFOPLIST_FILE = YES;
				INFOPLIST_FILE = MindReader/Info.plist;
				INFOPLIST_KEY_NSPhotoLibraryAddUsageDescription = "MindReader 想取用您的相簿圖片。謝謝！";
				INFOPLIST_KEY_NSPhotoLibraryUsageDescription = "同意開啟相簿權限";
				INFOPLIST_KEY_UIApplicationSupportsIndirectInputEvents = YES;
				INFOPLIST_KEY_UILaunchStoryboardName = LaunchScreen;
				INFOPLIST_KEY_UIMainStoryboardFile = Main;
				INFOPLIST_KEY_UIStatusBarStyle = "";
				INFOPLIST_KEY_UISupportedInterfaceOrientations = "UIInterfaceOrientationLandscapeLeft UIInterfaceOrientationLandscapeRight UIInterfaceOrientationPortrait";
				LD_RUNPATH_SEARCH_PATHS = (
					"$(inherited)",
					"@executable_path/Frameworks",
				);
				MARKETING_VERSION = 1.1;
				PRODUCT_BUNDLE_IDENTIFIER = com.yunchen.MindReader;
				PRODUCT_NAME = "$(TARGET_NAME)";
				SWIFT_EMIT_LOC_STRINGS = YES;
				SWIFT_VERSION = 5.0;
				TARGETED_DEVICE_FAMILY = "1,2";
			};
			name = Debug;
		};
		E97C15F32C9166B7002B437C /* Release */ = {
			isa = XCBuildConfiguration;
			buildSettings = {
				ALWAYS_EMBED_SWIFT_STANDARD_LIBRARIES = YES;
				ASSETCATALOG_COMPILER_APPICON_NAME = AppIcon;
				ASSETCATALOG_COMPILER_GLOBAL_ACCENT_COLOR_NAME = AccentColor;
				CODE_SIGN_ENTITLEMENTS = MindReader/MindReader.entitlements;
				CODE_SIGN_STYLE = Automatic;
				CURRENT_PROJECT_VERSION = 1;
				DEVELOPMENT_TEAM = 637F48P3P9;
				GENERATE_INFOPLIST_FILE = YES;
				INFOPLIST_FILE = MindReader/Info.plist;
				INFOPLIST_KEY_NSPhotoLibraryAddUsageDescription = "MindReader 想取用您的相簿圖片。謝謝！";
				INFOPLIST_KEY_NSPhotoLibraryUsageDescription = "同意開啟相簿權限";
				INFOPLIST_KEY_UIApplicationSupportsIndirectInputEvents = YES;
				INFOPLIST_KEY_UILaunchStoryboardName = LaunchScreen;
				INFOPLIST_KEY_UIMainStoryboardFile = Main;
				INFOPLIST_KEY_UIStatusBarStyle = "";
				INFOPLIST_KEY_UISupportedInterfaceOrientations = "UIInterfaceOrientationLandscapeLeft UIInterfaceOrientationLandscapeRight UIInterfaceOrientationPortrait";
				LD_RUNPATH_SEARCH_PATHS = (
					"$(inherited)",
					"@executable_path/Frameworks",
				);
				MARKETING_VERSION = 1.1;
				PRODUCT_BUNDLE_IDENTIFIER = com.yunchen.MindReader;
				PRODUCT_NAME = "$(TARGET_NAME)";
				SWIFT_EMIT_LOC_STRINGS = YES;
				SWIFT_VERSION = 5.0;
				TARGETED_DEVICE_FAMILY = "1,2";
			};
			name = Release;
		};
/* End XCBuildConfiguration section */

/* Begin XCConfigurationList section */
		E91218DB2CB2DD0A000521ED /* Build configuration list for PBXNativeTarget "MorningWidgetExtension" */ = {
			isa = XCConfigurationList;
			buildConfigurations = (
				E91218DC2CB2DD0A000521ED /* Debug */,
				E91218DD2CB2DD0A000521ED /* Release */,
			);
			defaultConfigurationIsVisible = 0;
			defaultConfigurationName = Release;
		};
		E97C15D82C9166B4002B437C /* Build configuration list for PBXProject "MindReader" */ = {
			isa = XCConfigurationList;
			buildConfigurations = (
				E97C15EF2C9166B7002B437C /* Debug */,
				E97C15F02C9166B7002B437C /* Release */,
			);
			defaultConfigurationIsVisible = 0;
			defaultConfigurationName = Release;
		};
		E97C15F12C9166B7002B437C /* Build configuration list for PBXNativeTarget "MindReader" */ = {
			isa = XCConfigurationList;
			buildConfigurations = (
				E97C15F22C9166B7002B437C /* Debug */,
				E97C15F32C9166B7002B437C /* Release */,
			);
			defaultConfigurationIsVisible = 0;
			defaultConfigurationName = Release;
		};
/* End XCConfigurationList section */

/* Begin XCRemoteSwiftPackageReference section */
		E9521C302CAFB28300BFCAEF /* XCRemoteSwiftPackageReference "lottie-ios" */ = {
			isa = XCRemoteSwiftPackageReference;
			repositoryURL = "https://github.com/airbnb/lottie-ios";
			requirement = {
				kind = upToNextMajorVersion;
				minimumVersion = 4.5.0;
			};
		};
		E97654942CABC4A6003884AF /* XCRemoteSwiftPackageReference "AlertKit" */ = {
			isa = XCRemoteSwiftPackageReference;
			repositoryURL = "https://github.com/sparrowcode/AlertKit";
			requirement = {
				kind = upToNextMajorVersion;
				minimumVersion = 5.1.9;
			};
		};
		E97C15FA2C9189FF002B437C /* XCRemoteSwiftPackageReference "firebase-ios-sdk" */ = {
			isa = XCRemoteSwiftPackageReference;
			repositoryURL = "https://github.com/firebase/firebase-ios-sdk";
			requirement = {
				kind = upToNextMajorVersion;
				minimumVersion = 11.2.0;
			};
		};
		E991422E2C9FF8F200016C90 /* XCRemoteSwiftPackageReference "Kingfisher" */ = {
			isa = XCRemoteSwiftPackageReference;
			repositoryURL = "https://github.com/onevcat/Kingfisher";
			requirement = {
				kind = upToNextMajorVersion;
				minimumVersion = 8.0.3;
			};
		};
		E9F6B6C12C9C247B008E9FBF /* XCRemoteSwiftPackageReference "IQKeyboardManager" */ = {
			isa = XCRemoteSwiftPackageReference;
			repositoryURL = "https://github.com/hackiftekhar/IQKeyboardManager";
			requirement = {
				kind = upToNextMajorVersion;
				minimumVersion = 7.1.1;
			};
		};
/* End XCRemoteSwiftPackageReference section */

/* Begin XCSwiftPackageProductDependency section */
		E9521C312CAFB28300BFCAEF /* Lottie */ = {
			isa = XCSwiftPackageProductDependency;
			package = E9521C302CAFB28300BFCAEF /* XCRemoteSwiftPackageReference "lottie-ios" */;
			productName = Lottie;
		};
		E97654952CABC4A7003884AF /* AlertKit */ = {
			isa = XCSwiftPackageProductDependency;
			package = E97654942CABC4A6003884AF /* XCRemoteSwiftPackageReference "AlertKit" */;
			productName = AlertKit;
		};
		E97C15FB2C9189FF002B437C /* FirebaseAuth */ = {
			isa = XCSwiftPackageProductDependency;
			package = E97C15FA2C9189FF002B437C /* XCRemoteSwiftPackageReference "firebase-ios-sdk" */;
			productName = FirebaseAuth;
		};
		E97C15FD2C9189FF002B437C /* FirebaseDatabase */ = {
			isa = XCSwiftPackageProductDependency;
			package = E97C15FA2C9189FF002B437C /* XCRemoteSwiftPackageReference "firebase-ios-sdk" */;
			productName = FirebaseDatabase;
		};
		E97C15FF2C9189FF002B437C /* FirebaseFirestore */ = {
			isa = XCSwiftPackageProductDependency;
			package = E97C15FA2C9189FF002B437C /* XCRemoteSwiftPackageReference "firebase-ios-sdk" */;
			productName = FirebaseFirestore;
		};
		E97C16012C9189FF002B437C /* FirebaseStorage */ = {
			isa = XCSwiftPackageProductDependency;
			package = E97C15FA2C9189FF002B437C /* XCRemoteSwiftPackageReference "firebase-ios-sdk" */;
			productName = FirebaseStorage;
		};
		E991422F2C9FF8F200016C90 /* Kingfisher */ = {
			isa = XCSwiftPackageProductDependency;
			package = E991422E2C9FF8F200016C90 /* XCRemoteSwiftPackageReference "Kingfisher" */;
			productName = Kingfisher;
		};
		E9F6B6C22C9C247B008E9FBF /* IQKeyboardManagerSwift */ = {
			isa = XCSwiftPackageProductDependency;
			package = E9F6B6C12C9C247B008E9FBF /* XCRemoteSwiftPackageReference "IQKeyboardManager" */;
			productName = IQKeyboardManagerSwift;
		};
/* End XCSwiftPackageProductDependency section */
	};
	rootObject = E97C15D52C9166B4002B437C /* Project object */;
}
