// !$*UTF8*$!
{
	archiveVersion = 1;
	classes = {
	};
	objectVersion = 56;
	objects = {

/* Begin PBXBuildFile section */
		E97C15E12C9166B5002B437C /* AppDelegate.swift in Sources */ = {isa = PBXBuildFile; fileRef = E97C15E02C9166B5002B437C /* AppDelegate.swift */; };
		E97C15E32C9166B5002B437C /* SceneDelegate.swift in Sources */ = {isa = PBXBuildFile; fileRef = E97C15E22C9166B5002B437C /* SceneDelegate.swift */; };
		E97C15E52C9166B5002B437C /* HomeVC.swift in Sources */ = {isa = PBXBuildFile; fileRef = E97C15E42C9166B5002B437C /* HomeVC.swift */; };
		E97C15E82C9166B5002B437C /* Base in Resources */ = {isa = PBXBuildFile; fileRef = E97C15E72C9166B5002B437C /* Base */; };
		E97C15EA2C9166B7002B437C /* Assets.xcassets in Resources */ = {isa = PBXBuildFile; fileRef = E97C15E92C9166B7002B437C /* Assets.xcassets */; };
		E97C15ED2C9166B7002B437C /* Base in Resources */ = {isa = PBXBuildFile; fileRef = E97C15EC2C9166B7002B437C /* Base */; };
		E97C15F52C91810A002B437C /* HomeView.swift in Sources */ = {isa = PBXBuildFile; fileRef = E97C15F42C91810A002B437C /* HomeView.swift */; };
		E97C15F72C91812F002B437C /* APIService.swift in Sources */ = {isa = PBXBuildFile; fileRef = E97C15F62C91812F002B437C /* APIService.swift */; };
		E97C15F92C918944002B437C /* GoogleService-Info.plist in Resources */ = {isa = PBXBuildFile; fileRef = E97C15F82C918944002B437C /* GoogleService-Info.plist */; };
		E97C15FC2C9189FF002B437C /* FirebaseAuth in Frameworks */ = {isa = PBXBuildFile; productRef = E97C15FB2C9189FF002B437C /* FirebaseAuth */; };
		E97C15FE2C9189FF002B437C /* FirebaseDatabase in Frameworks */ = {isa = PBXBuildFile; productRef = E97C15FD2C9189FF002B437C /* FirebaseDatabase */; };
		E97C16002C9189FF002B437C /* FirebaseFirestore in Frameworks */ = {isa = PBXBuildFile; productRef = E97C15FF2C9189FF002B437C /* FirebaseFirestore */; };
		E97C16022C9189FF002B437C /* FirebaseStorage in Frameworks */ = {isa = PBXBuildFile; productRef = E97C16012C9189FF002B437C /* FirebaseStorage */; };
		E97C16042C919FFF002B437C /* ChatVC.swift in Sources */ = {isa = PBXBuildFile; fileRef = E97C16032C919FFF002B437C /* ChatVC.swift */; };
		E97C16062C91A0DF002B437C /* ChatCell.swift in Sources */ = {isa = PBXBuildFile; fileRef = E97C16052C91A0DF002B437C /* ChatCell.swift */; };
		E97C16082C92BC88002B437C /* APIKeys.swift in Sources */ = {isa = PBXBuildFile; fileRef = E97C16072C92BC88002B437C /* APIKeys.swift */; };
		E97C16152C95536B002B437C /* TextRecognition.swift in Sources */ = {isa = PBXBuildFile; fileRef = E97C16142C95536B002B437C /* TextRecognition.swift */; };
		E97C16172C955CBB002B437C /* FirestoreService.swift in Sources */ = {isa = PBXBuildFile; fileRef = E97C16162C955CBB002B437C /* FirestoreService.swift */; };
		E9F6B67E2C95800F008E9FBF /* ChatView.swift in Sources */ = {isa = PBXBuildFile; fileRef = E9F6B67D2C95800F008E9FBF /* ChatView.swift */; };
		E9F6B6832C968743008E9FBF /* Model.swift in Sources */ = {isa = PBXBuildFile; fileRef = E9F6B6822C968743008E9FBF /* Model.swift */; };
		E9F6B6862C96EB14008E9FBF /* ForumVC.swift in Sources */ = {isa = PBXBuildFile; fileRef = E9F6B6852C96EB14008E9FBF /* ForumVC.swift */; };
		E9F6B6882C96EFC9008E9FBF /* PostCell.swift in Sources */ = {isa = PBXBuildFile; fileRef = E9F6B6872C96EFC9008E9FBF /* PostCell.swift */; };
		E9F6B68A2C971788008E9FBF /* EditVC.swift in Sources */ = {isa = PBXBuildFile; fileRef = E9F6B6892C971788008E9FBF /* EditVC.swift */; };
		E9F6B68C2C9717A9008E9FBF /* EditView.swift in Sources */ = {isa = PBXBuildFile; fileRef = E9F6B68B2C9717A9008E9FBF /* EditView.swift */; };
		E9F6B6B22C997482008E9FBF /* ImageVC.swift in Sources */ = {isa = PBXBuildFile; fileRef = E9F6B6B12C997482008E9FBF /* ImageVC.swift */; };
		E9F6B6B62C9AA030008E9FBF /* ButtonExtension.swift in Sources */ = {isa = PBXBuildFile; fileRef = E9F6B6B52C9AA030008E9FBF /* ButtonExtension.swift */; };
		E9F6B6B82C9AA291008E9FBF /* ImageView.swift in Sources */ = {isa = PBXBuildFile; fileRef = E9F6B6B72C9AA291008E9FBF /* ImageView.swift */; };
/* End PBXBuildFile section */

/* Begin PBXFileReference section */
		E97C15DD2C9166B5002B437C /* MindReader.app */ = {isa = PBXFileReference; explicitFileType = wrapper.application; includeInIndex = 0; path = MindReader.app; sourceTree = BUILT_PRODUCTS_DIR; };
		E97C15E02C9166B5002B437C /* AppDelegate.swift */ = {isa = PBXFileReference; lastKnownFileType = sourcecode.swift; path = AppDelegate.swift; sourceTree = "<group>"; };
		E97C15E22C9166B5002B437C /* SceneDelegate.swift */ = {isa = PBXFileReference; lastKnownFileType = sourcecode.swift; path = SceneDelegate.swift; sourceTree = "<group>"; };
		E97C15E42C9166B5002B437C /* HomeVC.swift */ = {isa = PBXFileReference; lastKnownFileType = sourcecode.swift; path = HomeVC.swift; sourceTree = "<group>"; };
		E97C15E72C9166B5002B437C /* Base */ = {isa = PBXFileReference; lastKnownFileType = file.storyboard; name = Base; path = Base.lproj/Main.storyboard; sourceTree = "<group>"; };
		E97C15E92C9166B7002B437C /* Assets.xcassets */ = {isa = PBXFileReference; lastKnownFileType = folder.assetcatalog; path = Assets.xcassets; sourceTree = "<group>"; };
		E97C15EC2C9166B7002B437C /* Base */ = {isa = PBXFileReference; lastKnownFileType = file.storyboard; name = Base; path = Base.lproj/LaunchScreen.storyboard; sourceTree = "<group>"; };
		E97C15EE2C9166B7002B437C /* Info.plist */ = {isa = PBXFileReference; lastKnownFileType = text.plist.xml; path = Info.plist; sourceTree = "<group>"; };
		E97C15F42C91810A002B437C /* HomeView.swift */ = {isa = PBXFileReference; lastKnownFileType = sourcecode.swift; path = HomeView.swift; sourceTree = "<group>"; };
		E97C15F62C91812F002B437C /* APIService.swift */ = {isa = PBXFileReference; lastKnownFileType = sourcecode.swift; path = APIService.swift; sourceTree = "<group>"; };
		E97C15F82C918944002B437C /* GoogleService-Info.plist */ = {isa = PBXFileReference; fileEncoding = 4; lastKnownFileType = text.plist.xml; path = "GoogleService-Info.plist"; sourceTree = "<group>"; };
		E97C16032C919FFF002B437C /* ChatVC.swift */ = {isa = PBXFileReference; lastKnownFileType = sourcecode.swift; path = ChatVC.swift; sourceTree = "<group>"; };
		E97C16052C91A0DF002B437C /* ChatCell.swift */ = {isa = PBXFileReference; lastKnownFileType = sourcecode.swift; path = ChatCell.swift; sourceTree = "<group>"; };
		E97C16072C92BC88002B437C /* APIKeys.swift */ = {isa = PBXFileReference; lastKnownFileType = sourcecode.swift; path = APIKeys.swift; sourceTree = "<group>"; };
		E97C16142C95536B002B437C /* TextRecognition.swift */ = {isa = PBXFileReference; lastKnownFileType = sourcecode.swift; path = TextRecognition.swift; sourceTree = "<group>"; };
		E97C16162C955CBB002B437C /* FirestoreService.swift */ = {isa = PBXFileReference; lastKnownFileType = sourcecode.swift; path = FirestoreService.swift; sourceTree = "<group>"; };
		E9F6B67D2C95800F008E9FBF /* ChatView.swift */ = {isa = PBXFileReference; lastKnownFileType = sourcecode.swift; path = ChatView.swift; sourceTree = "<group>"; };
		E9F6B6822C968743008E9FBF /* Model.swift */ = {isa = PBXFileReference; lastKnownFileType = sourcecode.swift; path = Model.swift; sourceTree = "<group>"; };
		E9F6B6852C96EB14008E9FBF /* ForumVC.swift */ = {isa = PBXFileReference; lastKnownFileType = sourcecode.swift; path = ForumVC.swift; sourceTree = "<group>"; };
		E9F6B6872C96EFC9008E9FBF /* PostCell.swift */ = {isa = PBXFileReference; lastKnownFileType = sourcecode.swift; path = PostCell.swift; sourceTree = "<group>"; };
		E9F6B6892C971788008E9FBF /* EditVC.swift */ = {isa = PBXFileReference; lastKnownFileType = sourcecode.swift; path = EditVC.swift; sourceTree = "<group>"; };
		E9F6B68B2C9717A9008E9FBF /* EditView.swift */ = {isa = PBXFileReference; lastKnownFileType = sourcecode.swift; path = EditView.swift; sourceTree = "<group>"; };
		E9F6B6B12C997482008E9FBF /* ImageVC.swift */ = {isa = PBXFileReference; lastKnownFileType = sourcecode.swift; path = ImageVC.swift; sourceTree = "<group>"; };
		E9F6B6B52C9AA030008E9FBF /* ButtonExtension.swift */ = {isa = PBXFileReference; lastKnownFileType = sourcecode.swift; path = ButtonExtension.swift; sourceTree = "<group>"; };
		E9F6B6B72C9AA291008E9FBF /* ImageView.swift */ = {isa = PBXFileReference; lastKnownFileType = sourcecode.swift; path = ImageView.swift; sourceTree = "<group>"; };
/* End PBXFileReference section */

/* Begin PBXFrameworksBuildPhase section */
		E97C15DA2C9166B5002B437C /* Frameworks */ = {
			isa = PBXFrameworksBuildPhase;
			buildActionMask = 2147483647;
			files = (
				E97C15FE2C9189FF002B437C /* FirebaseDatabase in Frameworks */,
				E97C16022C9189FF002B437C /* FirebaseStorage in Frameworks */,
				E97C15FC2C9189FF002B437C /* FirebaseAuth in Frameworks */,
				E97C16002C9189FF002B437C /* FirebaseFirestore in Frameworks */,
			);
			runOnlyForDeploymentPostprocessing = 0;
		};
/* End PBXFrameworksBuildPhase section */

/* Begin PBXGroup section */
		E97C15D42C9166B4002B437C = {
			isa = PBXGroup;
			children = (
				E97C15DF2C9166B5002B437C /* MindReader */,
				E97C15DE2C9166B5002B437C /* Products */,
			);
			sourceTree = "<group>";
		};
		E97C15DE2C9166B5002B437C /* Products */ = {
			isa = PBXGroup;
			children = (
				E97C15DD2C9166B5002B437C /* MindReader.app */,
			);
			name = Products;
			sourceTree = "<group>";
		};
		E97C15DF2C9166B5002B437C /* MindReader */ = {
			isa = PBXGroup;
			children = (
				E97C15E02C9166B5002B437C /* AppDelegate.swift */,
				E97C15E22C9166B5002B437C /* SceneDelegate.swift */,
				E97C16072C92BC88002B437C /* APIKeys.swift */,
				E97C161A2C956447002B437C /* Home */,
				E9F6B6842C96EAD2008E9FBF /* Forum */,
				E97C161B2C95647F002B437C /* Chat */,
				E97C15E62C9166B5002B437C /* Main.storyboard */,
				E97C15E92C9166B7002B437C /* Assets.xcassets */,
				E97C15EB2C9166B7002B437C /* LaunchScreen.storyboard */,
				E97C15EE2C9166B7002B437C /* Info.plist */,
				E97C15F82C918944002B437C /* GoogleService-Info.plist */,
				E9F6B6822C968743008E9FBF /* Model.swift */,
				E97C15F62C91812F002B437C /* APIService.swift */,
				E97C16162C955CBB002B437C /* FirestoreService.swift */,
				E97C16142C95536B002B437C /* TextRecognition.swift */,
				E9F6B6B52C9AA030008E9FBF /* ButtonExtension.swift */,
			);
			path = MindReader;
			sourceTree = "<group>";
		};
		E97C161A2C956447002B437C /* Home */ = {
			isa = PBXGroup;
			children = (
				E97C15E42C9166B5002B437C /* HomeVC.swift */,
				E97C15F42C91810A002B437C /* HomeView.swift */,
				E9F6B6B12C997482008E9FBF /* ImageVC.swift */,
				E9F6B6B72C9AA291008E9FBF /* ImageView.swift */,
			);
			path = Home;
			sourceTree = "<group>";
		};
		E97C161B2C95647F002B437C /* Chat */ = {
			isa = PBXGroup;
			children = (
				E97C16032C919FFF002B437C /* ChatVC.swift */,
				E97C16052C91A0DF002B437C /* ChatCell.swift */,
				E9F6B67D2C95800F008E9FBF /* ChatView.swift */,
			);
			path = Chat;
			sourceTree = "<group>";
		};
		E9F6B6842C96EAD2008E9FBF /* Forum */ = {
			isa = PBXGroup;
			children = (
				E9F6B6852C96EB14008E9FBF /* ForumVC.swift */,
				E9F6B6872C96EFC9008E9FBF /* PostCell.swift */,
				E9F6B6892C971788008E9FBF /* EditVC.swift */,
				E9F6B68B2C9717A9008E9FBF /* EditView.swift */,
			);
			path = Forum;
			sourceTree = "<group>";
		};
/* End PBXGroup section */

/* Begin PBXNativeTarget section */
		E97C15DC2C9166B5002B437C /* MindReader */ = {
			isa = PBXNativeTarget;
			buildConfigurationList = E97C15F12C9166B7002B437C /* Build configuration list for PBXNativeTarget "MindReader" */;
			buildPhases = (
				E97C160E2C948382002B437C /* ShellScript */,
				E97C15D92C9166B5002B437C /* Sources */,
				E97C15DA2C9166B5002B437C /* Frameworks */,
				E97C15DB2C9166B5002B437C /* Resources */,
			);
			buildRules = (
			);
			dependencies = (
			);
			name = MindReader;
			packageProductDependencies = (
				E97C15FB2C9189FF002B437C /* FirebaseAuth */,
				E97C15FD2C9189FF002B437C /* FirebaseDatabase */,
				E97C15FF2C9189FF002B437C /* FirebaseFirestore */,
				E97C16012C9189FF002B437C /* FirebaseStorage */,
			);
			productName = MindReader;
			productReference = E97C15DD2C9166B5002B437C /* MindReader.app */;
			productType = "com.apple.product-type.application";
		};
/* End PBXNativeTarget section */

/* Begin PBXProject section */
		E97C15D52C9166B4002B437C /* Project object */ = {
			isa = PBXProject;
			attributes = {
				BuildIndependentTargetsInParallel = 1;
				LastSwiftUpdateCheck = 1530;
				LastUpgradeCheck = 1530;
				TargetAttributes = {
					E97C15DC2C9166B5002B437C = {
						CreatedOnToolsVersion = 15.3;
					};
				};
			};
			buildConfigurationList = E97C15D82C9166B4002B437C /* Build configuration list for PBXProject "MindReader" */;
			compatibilityVersion = "Xcode 14.0";
			developmentRegion = en;
			hasScannedForEncodings = 0;
			knownRegions = (
				en,
				Base,
			);
			mainGroup = E97C15D42C9166B4002B437C;
			packageReferences = (
				E97C15FA2C9189FF002B437C /* XCRemoteSwiftPackageReference "firebase-ios-sdk" */,
			);
			productRefGroup = E97C15DE2C9166B5002B437C /* Products */;
			projectDirPath = "";
			projectRoot = "";
			targets = (
				E97C15DC2C9166B5002B437C /* MindReader */,
			);
		};
/* End PBXProject section */

/* Begin PBXResourcesBuildPhase section */
		E97C15DB2C9166B5002B437C /* Resources */ = {
			isa = PBXResourcesBuildPhase;
			buildActionMask = 2147483647;
			files = (
				E97C15EA2C9166B7002B437C /* Assets.xcassets in Resources */,
				E97C15F92C918944002B437C /* GoogleService-Info.plist in Resources */,
				E97C15ED2C9166B7002B437C /* Base in Resources */,
				E97C15E82C9166B5002B437C /* Base in Resources */,
			);
			runOnlyForDeploymentPostprocessing = 0;
		};
/* End PBXResourcesBuildPhase section */

/* Begin PBXShellScriptBuildPhase section */
		E97C160E2C948382002B437C /* ShellScript */ = {
			isa = PBXShellScriptBuildPhase;
			alwaysOutOfDate = 1;
			buildActionMask = 2147483647;
			files = (
			);
			inputFileListPaths = (
			);
			inputPaths = (
			);
			outputFileListPaths = (
			);
			outputPaths = (
			);
			runOnlyForDeploymentPostprocessing = 0;
			shellPath = /bin/sh;
			shellScript = "# Type a script or drag a script file from your workspace to insert its path.\nif [[ \"$(uname -m)\" == arm64 ]]; then\n    export PATH=\"/opt/homebrew/bin:$PATH\"\nfi\n\nif which swiftlint > /dev/null; then\n  swiftlint\nelse\n  echo \"warning: SwiftLint not installed, download from https://github.com/realm/SwiftLint\"\nfi\n";
		};
/* End PBXShellScriptBuildPhase section */

/* Begin PBXSourcesBuildPhase section */
		E97C15D92C9166B5002B437C /* Sources */ = {
			isa = PBXSourcesBuildPhase;
			buildActionMask = 2147483647;
			files = (
				E97C16042C919FFF002B437C /* ChatVC.swift in Sources */,
				E9F6B6B82C9AA291008E9FBF /* ImageView.swift in Sources */,
				E97C16172C955CBB002B437C /* FirestoreService.swift in Sources */,
				E97C15E52C9166B5002B437C /* HomeVC.swift in Sources */,
				E97C15F72C91812F002B437C /* APIService.swift in Sources */,
				E9F6B6B22C997482008E9FBF /* ImageVC.swift in Sources */,
				E9F6B67E2C95800F008E9FBF /* ChatView.swift in Sources */,
				E9F6B68A2C971788008E9FBF /* EditVC.swift in Sources */,
				E97C15F52C91810A002B437C /* HomeView.swift in Sources */,
				E97C16062C91A0DF002B437C /* ChatCell.swift in Sources */,
				E9F6B6B62C9AA030008E9FBF /* ButtonExtension.swift in Sources */,
				E9F6B6832C968743008E9FBF /* Model.swift in Sources */,
				E97C16082C92BC88002B437C /* APIKeys.swift in Sources */,
				E9F6B6862C96EB14008E9FBF /* ForumVC.swift in Sources */,
				E97C15E12C9166B5002B437C /* AppDelegate.swift in Sources */,
				E9F6B68C2C9717A9008E9FBF /* EditView.swift in Sources */,
				E97C16152C95536B002B437C /* TextRecognition.swift in Sources */,
				E97C15E32C9166B5002B437C /* SceneDelegate.swift in Sources */,
				E9F6B6882C96EFC9008E9FBF /* PostCell.swift in Sources */,
			);
			runOnlyForDeploymentPostprocessing = 0;
		};
/* End PBXSourcesBuildPhase section */

/* Begin PBXVariantGroup section */
		E97C15E62C9166B5002B437C /* Main.storyboard */ = {
			isa = PBXVariantGroup;
			children = (
				E97C15E72C9166B5002B437C /* Base */,
			);
			name = Main.storyboard;
			sourceTree = "<group>";
		};
		E97C15EB2C9166B7002B437C /* LaunchScreen.storyboard */ = {
			isa = PBXVariantGroup;
			children = (
				E97C15EC2C9166B7002B437C /* Base */,
			);
			name = LaunchScreen.storyboard;
			sourceTree = "<group>";
		};
/* End PBXVariantGroup section */

/* Begin XCBuildConfiguration section */
		E97C15EF2C9166B7002B437C /* Debug */ = {
			isa = XCBuildConfiguration;
			buildSettings = {
				ALWAYS_SEARCH_USER_PATHS = NO;
				ASSETCATALOG_COMPILER_GENERATE_SWIFT_ASSET_SYMBOL_EXTENSIONS = YES;
				CLANG_ANALYZER_NONNULL = YES;
				CLANG_ANALYZER_NUMBER_OBJECT_CONVERSION = YES_AGGRESSIVE;
				CLANG_CXX_LANGUAGE_STANDARD = "gnu++20";
				CLANG_ENABLE_MODULES = YES;
				CLANG_ENABLE_OBJC_ARC = YES;
				CLANG_ENABLE_OBJC_WEAK = YES;
				CLANG_WARN_BLOCK_CAPTURE_AUTORELEASING = YES;
				CLANG_WARN_BOOL_CONVERSION = YES;
				CLANG_WARN_COMMA = YES;
				CLANG_WARN_CONSTANT_CONVERSION = YES;
				CLANG_WARN_DEPRECATED_OBJC_IMPLEMENTATIONS = YES;
				CLANG_WARN_DIRECT_OBJC_ISA_USAGE = YES_ERROR;
				CLANG_WARN_DOCUMENTATION_COMMENTS = YES;
				CLANG_WARN_EMPTY_BODY = YES;
				CLANG_WARN_ENUM_CONVERSION = YES;
				CLANG_WARN_INFINITE_RECURSION = YES;
				CLANG_WARN_INT_CONVERSION = YES;
				CLANG_WARN_NON_LITERAL_NULL_CONVERSION = YES;
				CLANG_WARN_OBJC_IMPLICIT_RETAIN_SELF = YES;
				CLANG_WARN_OBJC_LITERAL_CONVERSION = YES;
				CLANG_WARN_OBJC_ROOT_CLASS = YES_ERROR;
				CLANG_WARN_QUOTED_INCLUDE_IN_FRAMEWORK_HEADER = YES;
				CLANG_WARN_RANGE_LOOP_ANALYSIS = YES;
				CLANG_WARN_STRICT_PROTOTYPES = YES;
				CLANG_WARN_SUSPICIOUS_MOVE = YES;
				CLANG_WARN_UNGUARDED_AVAILABILITY = YES_AGGRESSIVE;
				CLANG_WARN_UNREACHABLE_CODE = YES;
				CLANG_WARN__DUPLICATE_METHOD_MATCH = YES;
				COPY_PHASE_STRIP = NO;
				DEBUG_INFORMATION_FORMAT = dwarf;
				ENABLE_STRICT_OBJC_MSGSEND = YES;
				ENABLE_TESTABILITY = YES;
				ENABLE_USER_SCRIPT_SANDBOXING = NO;
				GCC_C_LANGUAGE_STANDARD = gnu17;
				GCC_DYNAMIC_NO_PIC = NO;
				GCC_NO_COMMON_BLOCKS = YES;
				GCC_OPTIMIZATION_LEVEL = 0;
				GCC_PREPROCESSOR_DEFINITIONS = (
					"DEBUG=1",
					"$(inherited)",
				);
				GCC_WARN_64_TO_32_BIT_CONVERSION = YES;
				GCC_WARN_ABOUT_RETURN_TYPE = YES_ERROR;
				GCC_WARN_UNDECLARED_SELECTOR = YES;
				GCC_WARN_UNINITIALIZED_AUTOS = YES_AGGRESSIVE;
				GCC_WARN_UNUSED_FUNCTION = YES;
				GCC_WARN_UNUSED_VARIABLE = YES;
				IPHONEOS_DEPLOYMENT_TARGET = 17.0;
				LOCALIZATION_PREFERS_STRING_CATALOGS = YES;
				MTL_ENABLE_DEBUG_INFO = INCLUDE_SOURCE;
				MTL_FAST_MATH = YES;
				ONLY_ACTIVE_ARCH = YES;
				SDKROOT = iphoneos;
				SWIFT_ACTIVE_COMPILATION_CONDITIONS = "DEBUG $(inherited)";
				SWIFT_OPTIMIZATION_LEVEL = "-Onone";
			};
			name = Debug;
		};
		E97C15F02C9166B7002B437C /* Release */ = {
			isa = XCBuildConfiguration;
			buildSettings = {
				ALWAYS_SEARCH_USER_PATHS = NO;
				ASSETCATALOG_COMPILER_GENERATE_SWIFT_ASSET_SYMBOL_EXTENSIONS = YES;
				CLANG_ANALYZER_NONNULL = YES;
				CLANG_ANALYZER_NUMBER_OBJECT_CONVERSION = YES_AGGRESSIVE;
				CLANG_CXX_LANGUAGE_STANDARD = "gnu++20";
				CLANG_ENABLE_MODULES = YES;
				CLANG_ENABLE_OBJC_ARC = YES;
				CLANG_ENABLE_OBJC_WEAK = YES;
				CLANG_WARN_BLOCK_CAPTURE_AUTORELEASING = YES;
				CLANG_WARN_BOOL_CONVERSION = YES;
				CLANG_WARN_COMMA = YES;
				CLANG_WARN_CONSTANT_CONVERSION = YES;
				CLANG_WARN_DEPRECATED_OBJC_IMPLEMENTATIONS = YES;
				CLANG_WARN_DIRECT_OBJC_ISA_USAGE = YES_ERROR;
				CLANG_WARN_DOCUMENTATION_COMMENTS = YES;
				CLANG_WARN_EMPTY_BODY = YES;
				CLANG_WARN_ENUM_CONVERSION = YES;
				CLANG_WARN_INFINITE_RECURSION = YES;
				CLANG_WARN_INT_CONVERSION = YES;
				CLANG_WARN_NON_LITERAL_NULL_CONVERSION = YES;
				CLANG_WARN_OBJC_IMPLICIT_RETAIN_SELF = YES;
				CLANG_WARN_OBJC_LITERAL_CONVERSION = YES;
				CLANG_WARN_OBJC_ROOT_CLASS = YES_ERROR;
				CLANG_WARN_QUOTED_INCLUDE_IN_FRAMEWORK_HEADER = YES;
				CLANG_WARN_RANGE_LOOP_ANALYSIS = YES;
				CLANG_WARN_STRICT_PROTOTYPES = YES;
				CLANG_WARN_SUSPICIOUS_MOVE = YES;
				CLANG_WARN_UNGUARDED_AVAILABILITY = YES_AGGRESSIVE;
				CLANG_WARN_UNREACHABLE_CODE = YES;
				CLANG_WARN__DUPLICATE_METHOD_MATCH = YES;
				COPY_PHASE_STRIP = NO;
				DEBUG_INFORMATION_FORMAT = "dwarf-with-dsym";
				ENABLE_NS_ASSERTIONS = NO;
				ENABLE_STRICT_OBJC_MSGSEND = YES;
				ENABLE_USER_SCRIPT_SANDBOXING = NO;
				GCC_C_LANGUAGE_STANDARD = gnu17;
				GCC_NO_COMMON_BLOCKS = YES;
				GCC_WARN_64_TO_32_BIT_CONVERSION = YES;
				GCC_WARN_ABOUT_RETURN_TYPE = YES_ERROR;
				GCC_WARN_UNDECLARED_SELECTOR = YES;
				GCC_WARN_UNINITIALIZED_AUTOS = YES_AGGRESSIVE;
				GCC_WARN_UNUSED_FUNCTION = YES;
				GCC_WARN_UNUSED_VARIABLE = YES;
				IPHONEOS_DEPLOYMENT_TARGET = 17.0;
				LOCALIZATION_PREFERS_STRING_CATALOGS = YES;
				MTL_ENABLE_DEBUG_INFO = NO;
				MTL_FAST_MATH = YES;
				SDKROOT = iphoneos;
				SWIFT_COMPILATION_MODE = wholemodule;
				VALIDATE_PRODUCT = YES;
			};
			name = Release;
		};
		E97C15F22C9166B7002B437C /* Debug */ = {
			isa = XCBuildConfiguration;
			buildSettings = {
				ASSETCATALOG_COMPILER_APPICON_NAME = AppIcon;
				ASSETCATALOG_COMPILER_GLOBAL_ACCENT_COLOR_NAME = AccentColor;
				CODE_SIGN_STYLE = Automatic;
				CURRENT_PROJECT_VERSION = 1;
				DEVELOPMENT_TEAM = 637F48P3P9;
				GENERATE_INFOPLIST_FILE = YES;
				INFOPLIST_FILE = MindReader/Info.plist;
				INFOPLIST_KEY_NSPhotoLibraryUsageDescription = "同意開啟相簿權限";
				INFOPLIST_KEY_UIApplicationSupportsIndirectInputEvents = YES;
				INFOPLIST_KEY_UILaunchStoryboardName = LaunchScreen;
				INFOPLIST_KEY_UIMainStoryboardFile = Main;
				INFOPLIST_KEY_UIStatusBarStyle = "";
				INFOPLIST_KEY_UISupportedInterfaceOrientations_iPad = "UIInterfaceOrientationPortrait UIInterfaceOrientationPortraitUpsideDown UIInterfaceOrientationLandscapeLeft UIInterfaceOrientationLandscapeRight";
				INFOPLIST_KEY_UISupportedInterfaceOrientations_iPhone = "UIInterfaceOrientationPortrait UIInterfaceOrientationLandscapeLeft UIInterfaceOrientationLandscapeRight";
				LD_RUNPATH_SEARCH_PATHS = (
					"$(inherited)",
					"@executable_path/Frameworks",
				);
				MARKETING_VERSION = 1.0;
				PRODUCT_BUNDLE_IDENTIFIER = com.yunchen.MindReader;
				PRODUCT_NAME = "$(TARGET_NAME)";
				SWIFT_EMIT_LOC_STRINGS = YES;
				SWIFT_VERSION = 5.0;
				TARGETED_DEVICE_FAMILY = "1,2";
			};
			name = Debug;
		};
		E97C15F32C9166B7002B437C /* Release */ = {
			isa = XCBuildConfiguration;
			buildSettings = {
				ASSETCATALOG_COMPILER_APPICON_NAME = AppIcon;
				ASSETCATALOG_COMPILER_GLOBAL_ACCENT_COLOR_NAME = AccentColor;
				CODE_SIGN_STYLE = Automatic;
				CURRENT_PROJECT_VERSION = 1;
				DEVELOPMENT_TEAM = 637F48P3P9;
				GENERATE_INFOPLIST_FILE = YES;
				INFOPLIST_FILE = MindReader/Info.plist;
				INFOPLIST_KEY_NSPhotoLibraryUsageDescription = "同意開啟相簿權限";
				INFOPLIST_KEY_UIApplicationSupportsIndirectInputEvents = YES;
				INFOPLIST_KEY_UILaunchStoryboardName = LaunchScreen;
				INFOPLIST_KEY_UIMainStoryboardFile = Main;
				INFOPLIST_KEY_UIStatusBarStyle = "";
				INFOPLIST_KEY_UISupportedInterfaceOrientations_iPad = "UIInterfaceOrientationPortrait UIInterfaceOrientationPortraitUpsideDown UIInterfaceOrientationLandscapeLeft UIInterfaceOrientationLandscapeRight";
				INFOPLIST_KEY_UISupportedInterfaceOrientations_iPhone = "UIInterfaceOrientationPortrait UIInterfaceOrientationLandscapeLeft UIInterfaceOrientationLandscapeRight";
				LD_RUNPATH_SEARCH_PATHS = (
					"$(inherited)",
					"@executable_path/Frameworks",
				);
				MARKETING_VERSION = 1.0;
				PRODUCT_BUNDLE_IDENTIFIER = com.yunchen.MindReader;
				PRODUCT_NAME = "$(TARGET_NAME)";
				SWIFT_EMIT_LOC_STRINGS = YES;
				SWIFT_VERSION = 5.0;
				TARGETED_DEVICE_FAMILY = "1,2";
			};
			name = Release;
		};
/* End XCBuildConfiguration section */

/* Begin XCConfigurationList section */
		E97C15D82C9166B4002B437C /* Build configuration list for PBXProject "MindReader" */ = {
			isa = XCConfigurationList;
			buildConfigurations = (
				E97C15EF2C9166B7002B437C /* Debug */,
				E97C15F02C9166B7002B437C /* Release */,
			);
			defaultConfigurationIsVisible = 0;
			defaultConfigurationName = Release;
		};
		E97C15F12C9166B7002B437C /* Build configuration list for PBXNativeTarget "MindReader" */ = {
			isa = XCConfigurationList;
			buildConfigurations = (
				E97C15F22C9166B7002B437C /* Debug */,
				E97C15F32C9166B7002B437C /* Release */,
			);
			defaultConfigurationIsVisible = 0;
			defaultConfigurationName = Release;
		};
/* End XCConfigurationList section */

/* Begin XCRemoteSwiftPackageReference section */
		E97C15FA2C9189FF002B437C /* XCRemoteSwiftPackageReference "firebase-ios-sdk" */ = {
			isa = XCRemoteSwiftPackageReference;
			repositoryURL = "https://github.com/firebase/firebase-ios-sdk";
			requirement = {
				kind = upToNextMajorVersion;
				minimumVersion = 11.2.0;
			};
		};
/* End XCRemoteSwiftPackageReference section */

/* Begin XCSwiftPackageProductDependency section */
		E97C15FB2C9189FF002B437C /* FirebaseAuth */ = {
			isa = XCSwiftPackageProductDependency;
			package = E97C15FA2C9189FF002B437C /* XCRemoteSwiftPackageReference "firebase-ios-sdk" */;
			productName = FirebaseAuth;
		};
		E97C15FD2C9189FF002B437C /* FirebaseDatabase */ = {
			isa = XCSwiftPackageProductDependency;
			package = E97C15FA2C9189FF002B437C /* XCRemoteSwiftPackageReference "firebase-ios-sdk" */;
			productName = FirebaseDatabase;
		};
		E97C15FF2C9189FF002B437C /* FirebaseFirestore */ = {
			isa = XCSwiftPackageProductDependency;
			package = E97C15FA2C9189FF002B437C /* XCRemoteSwiftPackageReference "firebase-ios-sdk" */;
			productName = FirebaseFirestore;
		};
		E97C16012C9189FF002B437C /* FirebaseStorage */ = {
			isa = XCSwiftPackageProductDependency;
			package = E97C15FA2C9189FF002B437C /* XCRemoteSwiftPackageReference "firebase-ios-sdk" */;
			productName = FirebaseStorage;
		};
/* End XCSwiftPackageProductDependency section */
	};
	rootObject = E97C15D52C9166B4002B437C /* Project object */;
}
